// !$*UTF8*$!
{
	archiveVersion = 1;
	classes = {
	};
	objectVersion = 46;
	objects = {

/* Begin PBXBuildFile section */
		0602544F1B50BA9900E96511 /* Result.framework in Frameworks */ = {isa = PBXBuildFile; fileRef = 0602544E1B50BA9900E96511 /* Result.framework */; };
		061B00131B50D3D0001AF0D6 /* ACAccountProviderTests.swift in Sources */ = {isa = PBXBuildFile; fileRef = 061B000E1B50D3D0001AF0D6 /* ACAccountProviderTests.swift */; };
		061B00141B50D3D0001AF0D6 /* ACAccountProviderTests.swift in Sources */ = {isa = PBXBuildFile; fileRef = 061B000E1B50D3D0001AF0D6 /* ACAccountProviderTests.swift */; };
		061B00151B50D3D0001AF0D6 /* AccountTests.swift in Sources */ = {isa = PBXBuildFile; fileRef = 061B000F1B50D3D0001AF0D6 /* AccountTests.swift */; };
		061B00161B50D3D0001AF0D6 /* AccountTests.swift in Sources */ = {isa = PBXBuildFile; fileRef = 061B000F1B50D3D0001AF0D6 /* AccountTests.swift */; };
		061B001E1B50D501001AF0D6 /* Result.framework in CopyFiles */ = {isa = PBXBuildFile; fileRef = 061BFFE41B50D160001AF0D6 /* Result.framework */; settings = {ATTRIBUTES = (CodeSignOnCopy, RemoveHeadersOnCopy, ); }; };
		061BFFD41B50D041001AF0D6 /* ACAccountProvider.swift in Sources */ = {isa = PBXBuildFile; fileRef = 061BFFD01B50D041001AF0D6 /* ACAccountProvider.swift */; };
		061BFFD51B50D041001AF0D6 /* ACAccountProvider.swift in Sources */ = {isa = PBXBuildFile; fileRef = 061BFFD01B50D041001AF0D6 /* ACAccountProvider.swift */; };
		061BFFD81B50D041001AF0D6 /* AuthenticationKit.swift in Sources */ = {isa = PBXBuildFile; fileRef = 061BFFD21B50D041001AF0D6 /* AuthenticationKit.swift */; };
		061BFFD91B50D041001AF0D6 /* AuthenticationKit.swift in Sources */ = {isa = PBXBuildFile; fileRef = 061BFFD21B50D041001AF0D6 /* AuthenticationKit.swift */; };
		061BFFE01B50D0B7001AF0D6 /* AuthenticationKit.h in Headers */ = {isa = PBXBuildFile; fileRef = 061BFFDE1B50D0B7001AF0D6 /* AuthenticationKit.h */; settings = {ATTRIBUTES = (Public, ); }; };
		061BFFE11B50D0B7001AF0D6 /* AuthenticationKit.h in Headers */ = {isa = PBXBuildFile; fileRef = 061BFFDE1B50D0B7001AF0D6 /* AuthenticationKit.h */; settings = {ATTRIBUTES = (Public, ); }; };
		061BFFE51B50D160001AF0D6 /* Result.framework in Frameworks */ = {isa = PBXBuildFile; fileRef = 061BFFE41B50D160001AF0D6 /* Result.framework */; };
		061BFFF01B50D354001AF0D6 /* AuthenticationKit.framework in Frameworks */ = {isa = PBXBuildFile; fileRef = 5567D5171B4EFF82006D2B3E /* AuthenticationKit.framework */; };
		061BFFFF1B50D39B001AF0D6 /* AuthenticationKit.framework in Frameworks */ = {isa = PBXBuildFile; fileRef = 061BFFB81B50CFCD001AF0D6 /* AuthenticationKit.framework */; };
		0651E07D1B50D863008DFE02 /* XCTAssertEqual.swift in Sources */ = {isa = PBXBuildFile; fileRef = 0651E07C1B50D863008DFE02 /* XCTAssertEqual.swift */; };
		0651E07E1B50D863008DFE02 /* XCTAssertEqual.swift in Sources */ = {isa = PBXBuildFile; fileRef = 0651E07C1B50D863008DFE02 /* XCTAssertEqual.swift */; };
		06D017761B50BBEA00FD1196 /* Result.framework in CopyFiles */ = {isa = PBXBuildFile; fileRef = 0602544E1B50BA9900E96511 /* Result.framework */; settings = {ATTRIBUTES = (CodeSignOnCopy, RemoveHeadersOnCopy, ); }; };
		55A8A8F11B50070A00063455 /* AppDelegate.swift in Sources */ = {isa = PBXBuildFile; fileRef = 55A8A8F01B50070A00063455 /* AppDelegate.swift */; };
		55A8A8F31B50070A00063455 /* ViewController.swift in Sources */ = {isa = PBXBuildFile; fileRef = 55A8A8F21B50070A00063455 /* ViewController.swift */; };
		55A8A8F61B50070A00063455 /* Main.storyboard in Resources */ = {isa = PBXBuildFile; fileRef = 55A8A8F41B50070A00063455 /* Main.storyboard */; };
		55A8A8F81B50070A00063455 /* Assets.xcassets in Resources */ = {isa = PBXBuildFile; fileRef = 55A8A8F71B50070A00063455 /* Assets.xcassets */; };
		55A8A8FB1B50070A00063455 /* LaunchScreen.storyboard in Resources */ = {isa = PBXBuildFile; fileRef = 55A8A8F91B50070A00063455 /* LaunchScreen.storyboard */; };
		55A8A9001B50071500063455 /* AuthenticationKit.framework in Frameworks */ = {isa = PBXBuildFile; fileRef = 5567D5171B4EFF82006D2B3E /* AuthenticationKit.framework */; };
		55A8A9011B50071500063455 /* AuthenticationKit.framework in Embed Frameworks */ = {isa = PBXBuildFile; fileRef = 5567D5171B4EFF82006D2B3E /* AuthenticationKit.framework */; settings = {ATTRIBUTES = (CodeSignOnCopy, RemoveHeadersOnCopy, ); }; };
/* End PBXBuildFile section */

/* Begin PBXContainerItemProxy section */
		061B00001B50D39B001AF0D6 /* PBXContainerItemProxy */ = {
			isa = PBXContainerItemProxy;
			containerPortal = 5567D50E1B4EFF82006D2B3E /* Project object */;
			proxyType = 1;
			remoteGlobalIDString = 061BFFB71B50CFCD001AF0D6;
			remoteInfo = "AuthenticationKit-Mac";
		};
		061BFFF11B50D354001AF0D6 /* PBXContainerItemProxy */ = {
			isa = PBXContainerItemProxy;
			containerPortal = 5567D50E1B4EFF82006D2B3E /* Project object */;
			proxyType = 1;
			remoteGlobalIDString = 5567D5161B4EFF82006D2B3E;
			remoteInfo = "AuthenticationKit-iOS";
		};
		55A8A9021B50071500063455 /* PBXContainerItemProxy */ = {
			isa = PBXContainerItemProxy;
			containerPortal = 5567D50E1B4EFF82006D2B3E /* Project object */;
			proxyType = 1;
			remoteGlobalIDString = 5567D5161B4EFF82006D2B3E;
			remoteInfo = AuthenticationKit;
		};
/* End PBXContainerItemProxy section */

/* Begin PBXCopyFilesBuildPhase section */
		061B001B1B50D49C001AF0D6 /* CopyFiles */ = {
			isa = PBXCopyFilesBuildPhase;
			buildActionMask = 2147483647;
			dstPath = "";
			dstSubfolderSpec = 10;
			files = (
				061B001E1B50D501001AF0D6 /* Result.framework in CopyFiles */,
			);
			runOnlyForDeploymentPostprocessing = 0;
		};
		06D017751B50BBE200FD1196 /* CopyFiles */ = {
			isa = PBXCopyFilesBuildPhase;
			buildActionMask = 2147483647;
			dstPath = "";
			dstSubfolderSpec = 10;
			files = (
				06D017761B50BBEA00FD1196 /* Result.framework in CopyFiles */,
			);
			runOnlyForDeploymentPostprocessing = 0;
		};
		55A8A9041B50071500063455 /* Embed Frameworks */ = {
			isa = PBXCopyFilesBuildPhase;
			buildActionMask = 2147483647;
			dstPath = "";
			dstSubfolderSpec = 10;
			files = (
				55A8A9011B50071500063455 /* AuthenticationKit.framework in Embed Frameworks */,
			);
			name = "Embed Frameworks";
			runOnlyForDeploymentPostprocessing = 0;
		};
/* End PBXCopyFilesBuildPhase section */

/* Begin PBXFileReference section */
		0602544E1B50BA9900E96511 /* Result.framework */ = {isa = PBXFileReference; lastKnownFileType = wrapper.framework; name = Result.framework; path = Carthage/Build/iOS/Result.framework; sourceTree = "<group>"; };
		061B000E1B50D3D0001AF0D6 /* ACAccountProviderTests.swift */ = {isa = PBXFileReference; fileEncoding = 4; lastKnownFileType = sourcecode.swift; path = ACAccountProviderTests.swift; sourceTree = "<group>"; };
		061B000F1B50D3D0001AF0D6 /* AccountTests.swift */ = {isa = PBXFileReference; fileEncoding = 4; lastKnownFileType = sourcecode.swift; path = AccountTests.swift; sourceTree = "<group>"; };
		061B00111B50D3D0001AF0D6 /* Info.plist */ = {isa = PBXFileReference; fileEncoding = 4; lastKnownFileType = text.plist.xml; path = Info.plist; sourceTree = "<group>"; };
		061BFFB81B50CFCD001AF0D6 /* AuthenticationKit.framework */ = {isa = PBXFileReference; explicitFileType = wrapper.framework; includeInIndex = 0; path = AuthenticationKit.framework; sourceTree = BUILT_PRODUCTS_DIR; };
		061BFFD01B50D041001AF0D6 /* ACAccountProvider.swift */ = {isa = PBXFileReference; fileEncoding = 4; lastKnownFileType = sourcecode.swift; path = ACAccountProvider.swift; sourceTree = "<group>"; };
		061BFFD21B50D041001AF0D6 /* AuthenticationKit.swift */ = {isa = PBXFileReference; fileEncoding = 4; lastKnownFileType = sourcecode.swift; path = AuthenticationKit.swift; sourceTree = "<group>"; };
		061BFFDE1B50D0B7001AF0D6 /* AuthenticationKit.h */ = {isa = PBXFileReference; fileEncoding = 4; lastKnownFileType = sourcecode.c.h; path = AuthenticationKit.h; sourceTree = "<group>"; };
		061BFFDF1B50D0B7001AF0D6 /* Info.plist */ = {isa = PBXFileReference; fileEncoding = 4; lastKnownFileType = text.plist.xml; path = Info.plist; sourceTree = "<group>"; };
		061BFFE41B50D160001AF0D6 /* Result.framework */ = {isa = PBXFileReference; lastKnownFileType = wrapper.framework; name = Result.framework; path = Carthage/Build/Mac/Result.framework; sourceTree = "<group>"; };
		061BFFEB1B50D354001AF0D6 /* AuthenticationKit-iOS-Tests.xctest */ = {isa = PBXFileReference; explicitFileType = wrapper.cfbundle; includeInIndex = 0; path = "AuthenticationKit-iOS-Tests.xctest"; sourceTree = BUILT_PRODUCTS_DIR; };
		061BFFFA1B50D39B001AF0D6 /* AuthenticationKit-Mac-Tests.xctest */ = {isa = PBXFileReference; explicitFileType = wrapper.cfbundle; includeInIndex = 0; path = "AuthenticationKit-Mac-Tests.xctest"; sourceTree = BUILT_PRODUCTS_DIR; };
		0651E07C1B50D863008DFE02 /* XCTAssertEqual.swift */ = {isa = PBXFileReference; fileEncoding = 4; lastKnownFileType = sourcecode.swift; path = XCTAssertEqual.swift; sourceTree = "<group>"; };
		5505EFE51B4F00CE0081AEF5 /* MyPlayground.playground */ = {isa = PBXFileReference; lastKnownFileType = file.playground; path = MyPlayground.playground; sourceTree = "<group>"; };
		5567D5171B4EFF82006D2B3E /* AuthenticationKit.framework */ = {isa = PBXFileReference; explicitFileType = wrapper.framework; includeInIndex = 0; path = AuthenticationKit.framework; sourceTree = BUILT_PRODUCTS_DIR; };
		55A8A8EE1B50070A00063455 /* Example.app */ = {isa = PBXFileReference; explicitFileType = wrapper.application; includeInIndex = 0; path = Example.app; sourceTree = BUILT_PRODUCTS_DIR; };
		55A8A8F01B50070A00063455 /* AppDelegate.swift */ = {isa = PBXFileReference; lastKnownFileType = sourcecode.swift; path = AppDelegate.swift; sourceTree = "<group>"; };
		55A8A8F21B50070A00063455 /* ViewController.swift */ = {isa = PBXFileReference; lastKnownFileType = sourcecode.swift; path = ViewController.swift; sourceTree = "<group>"; };
		55A8A8F51B50070A00063455 /* Base */ = {isa = PBXFileReference; lastKnownFileType = file.storyboard; name = Base; path = Base.lproj/Main.storyboard; sourceTree = "<group>"; };
		55A8A8F71B50070A00063455 /* Assets.xcassets */ = {isa = PBXFileReference; lastKnownFileType = folder.assetcatalog; path = Assets.xcassets; sourceTree = "<group>"; };
		55A8A8FA1B50070A00063455 /* Base */ = {isa = PBXFileReference; lastKnownFileType = file.storyboard; name = Base; path = Base.lproj/LaunchScreen.storyboard; sourceTree = "<group>"; };
		55A8A8FC1B50070A00063455 /* Info.plist */ = {isa = PBXFileReference; lastKnownFileType = text.plist.xml; path = Info.plist; sourceTree = "<group>"; };
/* End PBXFileReference section */

/* Begin PBXFrameworksBuildPhase section */
		061BFFB41B50CFCD001AF0D6 /* Frameworks */ = {
			isa = PBXFrameworksBuildPhase;
			buildActionMask = 2147483647;
			files = (
				061BFFE51B50D160001AF0D6 /* Result.framework in Frameworks */,
			);
			runOnlyForDeploymentPostprocessing = 0;
		};
		061BFFE81B50D354001AF0D6 /* Frameworks */ = {
			isa = PBXFrameworksBuildPhase;
			buildActionMask = 2147483647;
			files = (
				061BFFF01B50D354001AF0D6 /* AuthenticationKit.framework in Frameworks */,
			);
			runOnlyForDeploymentPostprocessing = 0;
		};
		061BFFF71B50D39B001AF0D6 /* Frameworks */ = {
			isa = PBXFrameworksBuildPhase;
			buildActionMask = 2147483647;
			files = (
				061BFFFF1B50D39B001AF0D6 /* AuthenticationKit.framework in Frameworks */,
			);
			runOnlyForDeploymentPostprocessing = 0;
		};
		5567D5131B4EFF82006D2B3E /* Frameworks */ = {
			isa = PBXFrameworksBuildPhase;
			buildActionMask = 2147483647;
			files = (
				0602544F1B50BA9900E96511 /* Result.framework in Frameworks */,
			);
			runOnlyForDeploymentPostprocessing = 0;
		};
		55A8A8EB1B50070A00063455 /* Frameworks */ = {
			isa = PBXFrameworksBuildPhase;
			buildActionMask = 2147483647;
			files = (
				55A8A9001B50071500063455 /* AuthenticationKit.framework in Frameworks */,
			);
			runOnlyForDeploymentPostprocessing = 0;
		};
/* End PBXFrameworksBuildPhase section */

/* Begin PBXGroup section */
		061B000D1B50D3D0001AF0D6 /* AuthenticationKit-Tests */ = {
			isa = PBXGroup;
			children = (
				061B000E1B50D3D0001AF0D6 /* ACAccountProviderTests.swift */,
				061B000F1B50D3D0001AF0D6 /* AccountTests.swift */,
				061B00101B50D3D0001AF0D6 /* SupportingFiles */,
			);
			path = "AuthenticationKit-Tests";
			sourceTree = "<group>";
		};
		061B00101B50D3D0001AF0D6 /* SupportingFiles */ = {
			isa = PBXGroup;
			children = (
				0651E07C1B50D863008DFE02 /* XCTAssertEqual.swift */,
				061B00111B50D3D0001AF0D6 /* Info.plist */,
			);
			path = SupportingFiles;
			sourceTree = "<group>";
		};
		061BFFCF1B50D041001AF0D6 /* AuthenticationKit */ = {
			isa = PBXGroup;
			children = (
				061BFFD01B50D041001AF0D6 /* ACAccountProvider.swift */,
				061BFFD21B50D041001AF0D6 /* AuthenticationKit.swift */,
				061BFFDD1B50D0B7001AF0D6 /* SupportingFiles */,
			);
			path = AuthenticationKit;
			sourceTree = "<group>";
		};
		061BFFDD1B50D0B7001AF0D6 /* SupportingFiles */ = {
			isa = PBXGroup;
			children = (
				061BFFDE1B50D0B7001AF0D6 /* AuthenticationKit.h */,
				061BFFDF1B50D0B7001AF0D6 /* Info.plist */,
			);
			path = SupportingFiles;
			sourceTree = "<group>";
		};
		061BFFE61B50D2EF001AF0D6 /* Frameworks */ = {
			isa = PBXGroup;
			children = (
				061BFFE41B50D160001AF0D6 /* Result.framework */,
				0602544E1B50BA9900E96511 /* Result.framework */,
			);
			name = Frameworks;
			sourceTree = "<group>";
		};
		5567D50D1B4EFF82006D2B3E = {
			isa = PBXGroup;
			children = (
				5505EFE51B4F00CE0081AEF5 /* MyPlayground.playground */,
				55A8A8EF1B50070A00063455 /* Example */,
				061BFFCF1B50D041001AF0D6 /* AuthenticationKit */,
				061B000D1B50D3D0001AF0D6 /* AuthenticationKit-Tests */,
				061BFFE61B50D2EF001AF0D6 /* Frameworks */,
				5567D5181B4EFF82006D2B3E /* Products */,
			);
			sourceTree = "<group>";
		};
		5567D5181B4EFF82006D2B3E /* Products */ = {
			isa = PBXGroup;
			children = (
				5567D5171B4EFF82006D2B3E /* AuthenticationKit.framework */,
				55A8A8EE1B50070A00063455 /* Example.app */,
				061BFFB81B50CFCD001AF0D6 /* AuthenticationKit.framework */,
				061BFFEB1B50D354001AF0D6 /* AuthenticationKit-iOS-Tests.xctest */,
				061BFFFA1B50D39B001AF0D6 /* AuthenticationKit-Mac-Tests.xctest */,
			);
			name = Products;
			sourceTree = "<group>";
		};
		55A8A8EF1B50070A00063455 /* Example */ = {
			isa = PBXGroup;
			children = (
				55A8A8F01B50070A00063455 /* AppDelegate.swift */,
				55A8A8F21B50070A00063455 /* ViewController.swift */,
				55A8A8F41B50070A00063455 /* Main.storyboard */,
				55A8A8F71B50070A00063455 /* Assets.xcassets */,
				55A8A8F91B50070A00063455 /* LaunchScreen.storyboard */,
				55A8A8FC1B50070A00063455 /* Info.plist */,
			);
			path = Example;
			sourceTree = "<group>";
		};
/* End PBXGroup section */

/* Begin PBXHeadersBuildPhase section */
		061BFFB51B50CFCD001AF0D6 /* Headers */ = {
			isa = PBXHeadersBuildPhase;
			buildActionMask = 2147483647;
			files = (
				061BFFE11B50D0B7001AF0D6 /* AuthenticationKit.h in Headers */,
			);
			runOnlyForDeploymentPostprocessing = 0;
		};
		5567D5141B4EFF82006D2B3E /* Headers */ = {
			isa = PBXHeadersBuildPhase;
			buildActionMask = 2147483647;
			files = (
				061BFFE01B50D0B7001AF0D6 /* AuthenticationKit.h in Headers */,
			);
			runOnlyForDeploymentPostprocessing = 0;
		};
/* End PBXHeadersBuildPhase section */

/* Begin PBXNativeTarget section */
		061BFFB71B50CFCD001AF0D6 /* AuthenticationKit-Mac */ = {
			isa = PBXNativeTarget;
			buildConfigurationList = 061BFFCD1B50CFCD001AF0D6 /* Build configuration list for PBXNativeTarget "AuthenticationKit-Mac" */;
			buildPhases = (
				061BFFB31B50CFCD001AF0D6 /* Sources */,
				061BFFB41B50CFCD001AF0D6 /* Frameworks */,
				061BFFB51B50CFCD001AF0D6 /* Headers */,
				061BFFB61B50CFCD001AF0D6 /* Resources */,
				061B001B1B50D49C001AF0D6 /* CopyFiles */,
			);
			buildRules = (
			);
			dependencies = (
			);
			name = "AuthenticationKit-Mac";
			productName = "AuthenticationKit-Mac";
			productReference = 061BFFB81B50CFCD001AF0D6 /* AuthenticationKit.framework */;
			productType = "com.apple.product-type.framework";
		};
		061BFFEA1B50D354001AF0D6 /* AuthenticationKit-iOS-Tests */ = {
			isa = PBXNativeTarget;
			buildConfigurationList = 061BFFF31B50D354001AF0D6 /* Build configuration list for PBXNativeTarget "AuthenticationKit-iOS-Tests" */;
			buildPhases = (
				061BFFE71B50D354001AF0D6 /* Sources */,
				061BFFE81B50D354001AF0D6 /* Frameworks */,
				061BFFE91B50D354001AF0D6 /* Resources */,
			);
			buildRules = (
			);
			dependencies = (
				061BFFF21B50D354001AF0D6 /* PBXTargetDependency */,
			);
			name = "AuthenticationKit-iOS-Tests";
			productName = "AuthenticationKit-iOS-Tests";
			productReference = 061BFFEB1B50D354001AF0D6 /* AuthenticationKit-iOS-Tests.xctest */;
			productType = "com.apple.product-type.bundle.unit-test";
		};
		061BFFF91B50D39B001AF0D6 /* AuthenticationKit-Mac-Tests */ = {
			isa = PBXNativeTarget;
			buildConfigurationList = 061B00021B50D39B001AF0D6 /* Build configuration list for PBXNativeTarget "AuthenticationKit-Mac-Tests" */;
			buildPhases = (
				061BFFF61B50D39B001AF0D6 /* Sources */,
				061BFFF71B50D39B001AF0D6 /* Frameworks */,
				061BFFF81B50D39B001AF0D6 /* Resources */,
			);
			buildRules = (
			);
			dependencies = (
				061B00011B50D39B001AF0D6 /* PBXTargetDependency */,
			);
			name = "AuthenticationKit-Mac-Tests";
			productName = "AuthenticationKit-Mac-Tests";
			productReference = 061BFFFA1B50D39B001AF0D6 /* AuthenticationKit-Mac-Tests.xctest */;
			productType = "com.apple.product-type.bundle.unit-test";
		};
		5567D5161B4EFF82006D2B3E /* AuthenticationKit-iOS */ = {
			isa = PBXNativeTarget;
			buildConfigurationList = 5567D52B1B4EFF83006D2B3E /* Build configuration list for PBXNativeTarget "AuthenticationKit-iOS" */;
			buildPhases = (
				5567D5121B4EFF82006D2B3E /* Sources */,
				5567D5131B4EFF82006D2B3E /* Frameworks */,
				5567D5141B4EFF82006D2B3E /* Headers */,
				5567D5151B4EFF82006D2B3E /* Resources */,
				06D017751B50BBE200FD1196 /* CopyFiles */,
			);
			buildRules = (
			);
			dependencies = (
			);
			name = "AuthenticationKit-iOS";
			productName = AuthenticationKit;
			productReference = 5567D5171B4EFF82006D2B3E /* AuthenticationKit.framework */;
			productType = "com.apple.product-type.framework";
		};
		55A8A8ED1B50070A00063455 /* Example */ = {
			isa = PBXNativeTarget;
			buildConfigurationList = 55A8A8FF1B50070A00063455 /* Build configuration list for PBXNativeTarget "Example" */;
			buildPhases = (
				55A8A8EA1B50070A00063455 /* Sources */,
				55A8A8EB1B50070A00063455 /* Frameworks */,
				55A8A8EC1B50070A00063455 /* Resources */,
				55A8A9041B50071500063455 /* Embed Frameworks */,
			);
			buildRules = (
			);
			dependencies = (
				55A8A9031B50071500063455 /* PBXTargetDependency */,
			);
			name = Example;
			productName = Example;
			productReference = 55A8A8EE1B50070A00063455 /* Example.app */;
			productType = "com.apple.product-type.application";
		};
/* End PBXNativeTarget section */

/* Begin PBXProject section */
		5567D50E1B4EFF82006D2B3E /* Project object */ = {
			isa = PBXProject;
			attributes = {
				LastSwiftUpdateCheck = 0700;
				LastUpgradeCheck = 0700;
				ORGANIZATIONNAME = "Pierre-Marc Airoldi";
				TargetAttributes = {
					061BFFB71B50CFCD001AF0D6 = {
						CreatedOnToolsVersion = 7.0;
					};
					061BFFEA1B50D354001AF0D6 = {
						CreatedOnToolsVersion = 7.0;
					};
					061BFFF91B50D39B001AF0D6 = {
						CreatedOnToolsVersion = 7.0;
					};
					5567D5161B4EFF82006D2B3E = {
						CreatedOnToolsVersion = 7.0;
					};
					55A8A8ED1B50070A00063455 = {
						CreatedOnToolsVersion = 7.0;
					};
				};
			};
			buildConfigurationList = 5567D5111B4EFF82006D2B3E /* Build configuration list for PBXProject "AuthenticationKit" */;
			compatibilityVersion = "Xcode 3.2";
			developmentRegion = English;
			hasScannedForEncodings = 0;
			knownRegions = (
				en,
				Base,
			);
			mainGroup = 5567D50D1B4EFF82006D2B3E;
			productRefGroup = 5567D5181B4EFF82006D2B3E /* Products */;
			projectDirPath = "";
			projectRoot = "";
			targets = (
				5567D5161B4EFF82006D2B3E /* AuthenticationKit-iOS */,
				061BFFB71B50CFCD001AF0D6 /* AuthenticationKit-Mac */,
				55A8A8ED1B50070A00063455 /* Example */,
				061BFFEA1B50D354001AF0D6 /* AuthenticationKit-iOS-Tests */,
				061BFFF91B50D39B001AF0D6 /* AuthenticationKit-Mac-Tests */,
			);
		};
/* End PBXProject section */

/* Begin PBXResourcesBuildPhase section */
		061BFFB61B50CFCD001AF0D6 /* Resources */ = {
			isa = PBXResourcesBuildPhase;
			buildActionMask = 2147483647;
			files = (
			);
			runOnlyForDeploymentPostprocessing = 0;
		};
		061BFFE91B50D354001AF0D6 /* Resources */ = {
			isa = PBXResourcesBuildPhase;
			buildActionMask = 2147483647;
			files = (
			);
			runOnlyForDeploymentPostprocessing = 0;
		};
		061BFFF81B50D39B001AF0D6 /* Resources */ = {
			isa = PBXResourcesBuildPhase;
			buildActionMask = 2147483647;
			files = (
			);
			runOnlyForDeploymentPostprocessing = 0;
		};
		5567D5151B4EFF82006D2B3E /* Resources */ = {
			isa = PBXResourcesBuildPhase;
			buildActionMask = 2147483647;
			files = (
			);
			runOnlyForDeploymentPostprocessing = 0;
		};
		55A8A8EC1B50070A00063455 /* Resources */ = {
			isa = PBXResourcesBuildPhase;
			buildActionMask = 2147483647;
			files = (
				55A8A8FB1B50070A00063455 /* LaunchScreen.storyboard in Resources */,
				55A8A8F81B50070A00063455 /* Assets.xcassets in Resources */,
				55A8A8F61B50070A00063455 /* Main.storyboard in Resources */,
			);
			runOnlyForDeploymentPostprocessing = 0;
		};
/* End PBXResourcesBuildPhase section */

/* Begin PBXSourcesBuildPhase section */
		061BFFB31B50CFCD001AF0D6 /* Sources */ = {
			isa = PBXSourcesBuildPhase;
			buildActionMask = 2147483647;
			files = (
				061BFFD91B50D041001AF0D6 /* AuthenticationKit.swift in Sources */,
				061BFFD51B50D041001AF0D6 /* ACAccountProvider.swift in Sources */,
			);
			runOnlyForDeploymentPostprocessing = 0;
		};
		061BFFE71B50D354001AF0D6 /* Sources */ = {
			isa = PBXSourcesBuildPhase;
			buildActionMask = 2147483647;
			files = (
				061B00131B50D3D0001AF0D6 /* ACAccountProviderTests.swift in Sources */,
				0651E07D1B50D863008DFE02 /* XCTAssertEqual.swift in Sources */,
				061B00151B50D3D0001AF0D6 /* AccountTests.swift in Sources */,
			);
			runOnlyForDeploymentPostprocessing = 0;
		};
		061BFFF61B50D39B001AF0D6 /* Sources */ = {
			isa = PBXSourcesBuildPhase;
			buildActionMask = 2147483647;
			files = (
				061B00141B50D3D0001AF0D6 /* ACAccountProviderTests.swift in Sources */,
				0651E07E1B50D863008DFE02 /* XCTAssertEqual.swift in Sources */,
				061B00161B50D3D0001AF0D6 /* AccountTests.swift in Sources */,
			);
			runOnlyForDeploymentPostprocessing = 0;
		};
		5567D5121B4EFF82006D2B3E /* Sources */ = {
			isa = PBXSourcesBuildPhase;
			buildActionMask = 2147483647;
			files = (
				061BFFD81B50D041001AF0D6 /* AuthenticationKit.swift in Sources */,
				061BFFD41B50D041001AF0D6 /* ACAccountProvider.swift in Sources */,
			);
			runOnlyForDeploymentPostprocessing = 0;
		};
		55A8A8EA1B50070A00063455 /* Sources */ = {
			isa = PBXSourcesBuildPhase;
			buildActionMask = 2147483647;
			files = (
				55A8A8F31B50070A00063455 /* ViewController.swift in Sources */,
				55A8A8F11B50070A00063455 /* AppDelegate.swift in Sources */,
			);
			runOnlyForDeploymentPostprocessing = 0;
		};
/* End PBXSourcesBuildPhase section */

/* Begin PBXTargetDependency section */
		061B00011B50D39B001AF0D6 /* PBXTargetDependency */ = {
			isa = PBXTargetDependency;
			target = 061BFFB71B50CFCD001AF0D6 /* AuthenticationKit-Mac */;
			targetProxy = 061B00001B50D39B001AF0D6 /* PBXContainerItemProxy */;
		};
		061BFFF21B50D354001AF0D6 /* PBXTargetDependency */ = {
			isa = PBXTargetDependency;
			target = 5567D5161B4EFF82006D2B3E /* AuthenticationKit-iOS */;
			targetProxy = 061BFFF11B50D354001AF0D6 /* PBXContainerItemProxy */;
		};
		55A8A9031B50071500063455 /* PBXTargetDependency */ = {
			isa = PBXTargetDependency;
			target = 5567D5161B4EFF82006D2B3E /* AuthenticationKit-iOS */;
			targetProxy = 55A8A9021B50071500063455 /* PBXContainerItemProxy */;
		};
/* End PBXTargetDependency section */

/* Begin PBXVariantGroup section */
		55A8A8F41B50070A00063455 /* Main.storyboard */ = {
			isa = PBXVariantGroup;
			children = (
				55A8A8F51B50070A00063455 /* Base */,
			);
			name = Main.storyboard;
			sourceTree = "<group>";
		};
		55A8A8F91B50070A00063455 /* LaunchScreen.storyboard */ = {
			isa = PBXVariantGroup;
			children = (
				55A8A8FA1B50070A00063455 /* Base */,
			);
			name = LaunchScreen.storyboard;
			sourceTree = "<group>";
		};
/* End PBXVariantGroup section */

/* Begin XCBuildConfiguration section */
		061B00031B50D39B001AF0D6 /* Debug */ = {
			isa = XCBuildConfiguration;
			buildSettings = {
				COMBINE_HIDPI_IMAGES = YES;
				INFOPLIST_FILE = "AuthenticationKit-Tests/SupportingFiles/Info.plist";
				LD_RUNPATH_SEARCH_PATHS = "$(inherited) @executable_path/../Frameworks @loader_path/../Frameworks";
				MACOSX_DEPLOYMENT_TARGET = 10.10;
				PRODUCT_BUNDLE_IDENTIFIER = "com.pierremarcairoldi.AuthenticationKit-Mac-Tests";
				PRODUCT_NAME = "$(TARGET_NAME)";
				SDKROOT = macosx;
			};
			name = Debug;
		};
		061B00041B50D39B001AF0D6 /* Release */ = {
			isa = XCBuildConfiguration;
			buildSettings = {
				COMBINE_HIDPI_IMAGES = YES;
				INFOPLIST_FILE = "AuthenticationKit-Tests/SupportingFiles/Info.plist";
				LD_RUNPATH_SEARCH_PATHS = "$(inherited) @executable_path/../Frameworks @loader_path/../Frameworks";
				MACOSX_DEPLOYMENT_TARGET = 10.10;
				PRODUCT_BUNDLE_IDENTIFIER = "com.pierremarcairoldi.AuthenticationKit-Mac-Tests";
				PRODUCT_NAME = "$(TARGET_NAME)";
				SDKROOT = macosx;
			};
			name = Release;
		};
		061BFFC91B50CFCD001AF0D6 /* Debug */ = {
			isa = XCBuildConfiguration;
			buildSettings = {
				COMBINE_HIDPI_IMAGES = YES;
				DEFINES_MODULE = YES;
				DYLIB_COMPATIBILITY_VERSION = 1;
				DYLIB_CURRENT_VERSION = 1;
				DYLIB_INSTALL_NAME_BASE = "@rpath";
				FRAMEWORK_SEARCH_PATHS = "$(SRCROOT)/Carthage/Build/Mac/**";
				FRAMEWORK_VERSION = A;
				INFOPLIST_FILE = "$(SRCROOT)/AuthenticationKit/SupportingFiles/Info.plist";
				INSTALL_PATH = "$(LOCAL_LIBRARY_DIR)/Frameworks";
				LD_RUNPATH_SEARCH_PATHS = "$(inherited) @executable_path/../Frameworks @loader_path/Frameworks";
				MACOSX_DEPLOYMENT_TARGET = 10.10;
				PRODUCT_BUNDLE_IDENTIFIER = "com.pierremarcairoldi.AuthenticationKit-Mac";
				PRODUCT_NAME = AuthenticationKit;
				SDKROOT = macosx;
				SKIP_INSTALL = YES;
				SWIFT_OBJC_INTERFACE_HEADER_NAME = "SupportingFiles/$(SWIFT_MODULE_NAME)-Swift.h";
			};
			name = Debug;
		};
		061BFFCA1B50CFCD001AF0D6 /* Release */ = {
			isa = XCBuildConfiguration;
			buildSettings = {
				COMBINE_HIDPI_IMAGES = YES;
				DEFINES_MODULE = YES;
				DYLIB_COMPATIBILITY_VERSION = 1;
				DYLIB_CURRENT_VERSION = 1;
				DYLIB_INSTALL_NAME_BASE = "@rpath";
				FRAMEWORK_SEARCH_PATHS = "$(SRCROOT)/Carthage/Build/Mac/**";
				FRAMEWORK_VERSION = A;
				INFOPLIST_FILE = "$(SRCROOT)/AuthenticationKit/SupportingFiles/Info.plist";
				INSTALL_PATH = "$(LOCAL_LIBRARY_DIR)/Frameworks";
				LD_RUNPATH_SEARCH_PATHS = "$(inherited) @executable_path/../Frameworks @loader_path/Frameworks";
				MACOSX_DEPLOYMENT_TARGET = 10.10;
				PRODUCT_BUNDLE_IDENTIFIER = "com.pierremarcairoldi.AuthenticationKit-Mac";
				PRODUCT_NAME = AuthenticationKit;
				SDKROOT = macosx;
				SKIP_INSTALL = YES;
				SWIFT_OBJC_INTERFACE_HEADER_NAME = "SupportingFiles/$(SWIFT_MODULE_NAME)-Swift.h";
			};
			name = Release;
		};
		061BFFF41B50D354001AF0D6 /* Debug */ = {
			isa = XCBuildConfiguration;
			buildSettings = {
				INFOPLIST_FILE = "AuthenticationKit-Tests/SupportingFiles/Info.plist";
				LD_RUNPATH_SEARCH_PATHS = "$(inherited) @executable_path/Frameworks @loader_path/Frameworks";
				PRODUCT_BUNDLE_IDENTIFIER = "com.pierremarcairoldi.AuthenticationKit-iOS-Tests";
				PRODUCT_NAME = "$(TARGET_NAME)";
			};
			name = Debug;
		};
		061BFFF51B50D354001AF0D6 /* Release */ = {
			isa = XCBuildConfiguration;
			buildSettings = {
				INFOPLIST_FILE = "AuthenticationKit-Tests/SupportingFiles/Info.plist";
				LD_RUNPATH_SEARCH_PATHS = "$(inherited) @executable_path/Frameworks @loader_path/Frameworks";
				PRODUCT_BUNDLE_IDENTIFIER = "com.pierremarcairoldi.AuthenticationKit-iOS-Tests";
				PRODUCT_NAME = "$(TARGET_NAME)";
			};
			name = Release;
		};
		5567D5291B4EFF83006D2B3E /* Debug */ = {
			isa = XCBuildConfiguration;
			buildSettings = {
				ALWAYS_SEARCH_USER_PATHS = NO;
				CLANG_CXX_LANGUAGE_STANDARD = "gnu++0x";
				CLANG_CXX_LIBRARY = "libc++";
				CLANG_ENABLE_MODULES = YES;
				CLANG_ENABLE_OBJC_ARC = YES;
				CLANG_WARN_BOOL_CONVERSION = YES;
				CLANG_WARN_CONSTANT_CONVERSION = YES;
				CLANG_WARN_DIRECT_OBJC_ISA_USAGE = YES_ERROR;
				CLANG_WARN_EMPTY_BODY = YES;
				CLANG_WARN_ENUM_CONVERSION = YES;
				CLANG_WARN_INT_CONVERSION = YES;
				CLANG_WARN_OBJC_ROOT_CLASS = YES_ERROR;
				CLANG_WARN_UNREACHABLE_CODE = YES;
				CLANG_WARN__DUPLICATE_METHOD_MATCH = YES;
				"CODE_SIGN_IDENTITY[sdk=iphoneos*]" = "iPhone Developer";
				COPY_PHASE_STRIP = NO;
				CURRENT_PROJECT_VERSION = 1;
				DEBUG_INFORMATION_FORMAT = dwarf;
				ENABLE_STRICT_OBJC_MSGSEND = YES;
				ENABLE_TESTABILITY = YES;
				GCC_C_LANGUAGE_STANDARD = gnu99;
				GCC_DYNAMIC_NO_PIC = NO;
				GCC_GENERATE_TEST_COVERAGE_FILES = YES;
				GCC_INSTRUMENT_PROGRAM_FLOW_ARCS = YES;
				GCC_NO_COMMON_BLOCKS = YES;
				GCC_OPTIMIZATION_LEVEL = 0;
				GCC_PREPROCESSOR_DEFINITIONS = (
					"DEBUG=1",
					"$(inherited)",
				);
				GCC_WARN_64_TO_32_BIT_CONVERSION = YES;
				GCC_WARN_ABOUT_RETURN_TYPE = YES_ERROR;
				GCC_WARN_UNDECLARED_SELECTOR = YES;
				GCC_WARN_UNINITIALIZED_AUTOS = YES_AGGRESSIVE;
				GCC_WARN_UNUSED_FUNCTION = YES;
				GCC_WARN_UNUSED_VARIABLE = YES;
				IPHONEOS_DEPLOYMENT_TARGET = 9.0;
				MTL_ENABLE_DEBUG_INFO = YES;
				ONLY_ACTIVE_ARCH = YES;
				SDKROOT = iphoneos;
				SWIFT_OPTIMIZATION_LEVEL = "-Onone";
				TARGETED_DEVICE_FAMILY = "1,2";
				VERSIONING_SYSTEM = "apple-generic";
				VERSION_INFO_PREFIX = "";
			};
			name = Debug;
		};
		5567D52A1B4EFF83006D2B3E /* Release */ = {
			isa = XCBuildConfiguration;
			buildSettings = {
				ALWAYS_SEARCH_USER_PATHS = NO;
				CLANG_CXX_LANGUAGE_STANDARD = "gnu++0x";
				CLANG_CXX_LIBRARY = "libc++";
				CLANG_ENABLE_MODULES = YES;
				CLANG_ENABLE_OBJC_ARC = YES;
				CLANG_WARN_BOOL_CONVERSION = YES;
				CLANG_WARN_CONSTANT_CONVERSION = YES;
				CLANG_WARN_DIRECT_OBJC_ISA_USAGE = YES_ERROR;
				CLANG_WARN_EMPTY_BODY = YES;
				CLANG_WARN_ENUM_CONVERSION = YES;
				CLANG_WARN_INT_CONVERSION = YES;
				CLANG_WARN_OBJC_ROOT_CLASS = YES_ERROR;
				CLANG_WARN_UNREACHABLE_CODE = YES;
				CLANG_WARN__DUPLICATE_METHOD_MATCH = YES;
				"CODE_SIGN_IDENTITY[sdk=iphoneos*]" = "iPhone Developer";
				COPY_PHASE_STRIP = NO;
				CURRENT_PROJECT_VERSION = 1;
				DEBUG_INFORMATION_FORMAT = "dwarf-with-dsym";
				ENABLE_NS_ASSERTIONS = NO;
				ENABLE_STRICT_OBJC_MSGSEND = YES;
				GCC_C_LANGUAGE_STANDARD = gnu99;
				GCC_GENERATE_TEST_COVERAGE_FILES = YES;
				GCC_INSTRUMENT_PROGRAM_FLOW_ARCS = YES;
				GCC_NO_COMMON_BLOCKS = YES;
				GCC_WARN_64_TO_32_BIT_CONVERSION = YES;
				GCC_WARN_ABOUT_RETURN_TYPE = YES_ERROR;
				GCC_WARN_UNDECLARED_SELECTOR = YES;
				GCC_WARN_UNINITIALIZED_AUTOS = YES_AGGRESSIVE;
				GCC_WARN_UNUSED_FUNCTION = YES;
				GCC_WARN_UNUSED_VARIABLE = YES;
				IPHONEOS_DEPLOYMENT_TARGET = 9.0;
				MTL_ENABLE_DEBUG_INFO = NO;
				SDKROOT = iphoneos;
				TARGETED_DEVICE_FAMILY = "1,2";
				VALIDATE_PRODUCT = YES;
				VERSIONING_SYSTEM = "apple-generic";
				VERSION_INFO_PREFIX = "";
			};
			name = Release;
		};
		5567D52C1B4EFF83006D2B3E /* Debug */ = {
			isa = XCBuildConfiguration;
			buildSettings = {
				CLANG_ENABLE_MODULES = YES;
				DEFINES_MODULE = YES;
				DYLIB_COMPATIBILITY_VERSION = 1;
				DYLIB_CURRENT_VERSION = 1;
				DYLIB_INSTALL_NAME_BASE = "@rpath";
				FRAMEWORK_SEARCH_PATHS = "$(SRCROOT)/Carthage/Build/iOS/**";
				INFOPLIST_FILE = "$(SRCROOT)/AuthenticationKit/SupportingFiles/Info.plist";
				INSTALL_PATH = "$(LOCAL_LIBRARY_DIR)/Frameworks";
				LD_RUNPATH_SEARCH_PATHS = "$(inherited) @executable_path/Frameworks @loader_path/Frameworks";
				PRODUCT_BUNDLE_IDENTIFIER = com.pierremarcairoldi.AuthenticationKit;
				PRODUCT_NAME = AuthenticationKit;
				SKIP_INSTALL = YES;
				SWIFT_OBJC_INTERFACE_HEADER_NAME = "SupportingFiles/$(SWIFT_MODULE_NAME)-Swift.h";
				SWIFT_OPTIMIZATION_LEVEL = "-Onone";
			};
			name = Debug;
		};
		5567D52D1B4EFF83006D2B3E /* Release */ = {
			isa = XCBuildConfiguration;
			buildSettings = {
				CLANG_ENABLE_MODULES = YES;
				DEFINES_MODULE = YES;
				DYLIB_COMPATIBILITY_VERSION = 1;
				DYLIB_CURRENT_VERSION = 1;
				DYLIB_INSTALL_NAME_BASE = "@rpath";
				FRAMEWORK_SEARCH_PATHS = "$(SRCROOT)/Carthage/Build/iOS/**";
				INFOPLIST_FILE = "$(SRCROOT)/AuthenticationKit/SupportingFiles/Info.plist";
				INSTALL_PATH = "$(LOCAL_LIBRARY_DIR)/Frameworks";
				LD_RUNPATH_SEARCH_PATHS = "$(inherited) @executable_path/Frameworks @loader_path/Frameworks";
				PRODUCT_BUNDLE_IDENTIFIER = com.pierremarcairoldi.AuthenticationKit;
				PRODUCT_NAME = AuthenticationKit;
				SKIP_INSTALL = YES;
				SWIFT_OBJC_INTERFACE_HEADER_NAME = "SupportingFiles/$(SWIFT_MODULE_NAME)-Swift.h";
			};
			name = Release;
		};
		55A8A8FD1B50070A00063455 /* Debug */ = {
			isa = XCBuildConfiguration;
			buildSettings = {
				ASSETCATALOG_COMPILER_APPICON_NAME = AppIcon;
				EMBEDDED_CONTENT_CONTAINS_SWIFT = YES;
				INFOPLIST_FILE = Example/Info.plist;
				LD_RUNPATH_SEARCH_PATHS = "$(inherited) @executable_path/Frameworks";
				PRODUCT_BUNDLE_IDENTIFIER = com.pierremarcairoldi.Example;
				PRODUCT_NAME = "$(TARGET_NAME)";
			};
			name = Debug;
		};
		55A8A8FE1B50070A00063455 /* Release */ = {
			isa = XCBuildConfiguration;
			buildSettings = {
				ASSETCATALOG_COMPILER_APPICON_NAME = AppIcon;
				EMBEDDED_CONTENT_CONTAINS_SWIFT = YES;
				INFOPLIST_FILE = Example/Info.plist;
				LD_RUNPATH_SEARCH_PATHS = "$(inherited) @executable_path/Frameworks";
				PRODUCT_BUNDLE_IDENTIFIER = com.pierremarcairoldi.Example;
				PRODUCT_NAME = "$(TARGET_NAME)";
			};
			name = Release;
		};
/* End XCBuildConfiguration section */

/* Begin XCConfigurationList section */
		061B00021B50D39B001AF0D6 /* Build configuration list for PBXNativeTarget "AuthenticationKit-Mac-Tests" */ = {
			isa = XCConfigurationList;
			buildConfigurations = (
				061B00031B50D39B001AF0D6 /* Debug */,
				061B00041B50D39B001AF0D6 /* Release */,
			);
			defaultConfigurationIsVisible = 0;
			defaultConfigurationName = Release;
		};
		061BFFCD1B50CFCD001AF0D6 /* Build configuration list for PBXNativeTarget "AuthenticationKit-Mac" */ = {
			isa = XCConfigurationList;
			buildConfigurations = (
				061BFFC91B50CFCD001AF0D6 /* Debug */,
				061BFFCA1B50CFCD001AF0D6 /* Release */,
			);
			defaultConfigurationIsVisible = 0;
			defaultConfigurationName = Release;
		};
		061BFFF31B50D354001AF0D6 /* Build configuration list for PBXNativeTarget "AuthenticationKit-iOS-Tests" */ = {
			isa = XCConfigurationList;
			buildConfigurations = (
				061BFFF41B50D354001AF0D6 /* Debug */,
				061BFFF51B50D354001AF0D6 /* Release */,
			);
			defaultConfigurationIsVisible = 0;
			defaultConfigurationName = Release;
		};
		5567D5111B4EFF82006D2B3E /* Build configuration list for PBXProject "AuthenticationKit" */ = {
			isa = XCConfigurationList;
			buildConfigurations = (
				5567D5291B4EFF83006D2B3E /* Debug */,
				5567D52A1B4EFF83006D2B3E /* Release */,
			);
			defaultConfigurationIsVisible = 0;
			defaultConfigurationName = Release;
		};
		5567D52B1B4EFF83006D2B3E /* Build configuration list for PBXNativeTarget "AuthenticationKit-iOS" */ = {
			isa = XCConfigurationList;
			buildConfigurations = (
				5567D52C1B4EFF83006D2B3E /* Debug */,
				5567D52D1B4EFF83006D2B3E /* Release */,
			);
			defaultConfigurationIsVisible = 0;
			defaultConfigurationName = Release;
		};
		55A8A8FF1B50070A00063455 /* Build configuration list for PBXNativeTarget "Example" */ = {
			isa = XCConfigurationList;
			buildConfigurations = (
				55A8A8FD1B50070A00063455 /* Debug */,
				55A8A8FE1B50070A00063455 /* Release */,
			);
			defaultConfigurationIsVisible = 0;
			defaultConfigurationName = Release;
		};
/* End XCConfigurationList section */
	};
	rootObject = 5567D50E1B4EFF82006D2B3E /* Project object */;
}
