// !$*UTF8*$!
{
	archiveVersion = 1;
	classes = {
	};
	objectVersion = 46;
	objects = {

/* Begin PBXBuildFile section */
		061B00131B50D3D0001AF0D6 /* ACAccountProviderTests.swift in Sources */ = {isa = PBXBuildFile; fileRef = 061B000E1B50D3D0001AF0D6 /* ACAccountProviderTests.swift */; };
		061B00141B50D3D0001AF0D6 /* ACAccountProviderTests.swift in Sources */ = {isa = PBXBuildFile; fileRef = 061B000E1B50D3D0001AF0D6 /* ACAccountProviderTests.swift */; };
		061BFFE01B50D0B7001AF0D6 /* AuthenticationKit.h in Headers */ = {isa = PBXBuildFile; fileRef = 061BFFDE1B50D0B7001AF0D6 /* AuthenticationKit.h */; settings = {ATTRIBUTES = (Public, ); }; };
		061BFFE11B50D0B7001AF0D6 /* AuthenticationKit.h in Headers */ = {isa = PBXBuildFile; fileRef = 061BFFDE1B50D0B7001AF0D6 /* AuthenticationKit.h */; settings = {ATTRIBUTES = (Public, ); }; };
		061BFFF01B50D354001AF0D6 /* AuthenticationKit.framework in Frameworks */ = {isa = PBXBuildFile; fileRef = 5567D5171B4EFF82006D2B3E /* AuthenticationKit.framework */; };
		061BFFFF1B50D39B001AF0D6 /* AuthenticationKit.framework in Frameworks */ = {isa = PBXBuildFile; fileRef = 061BFFB81B50CFCD001AF0D6 /* AuthenticationKit.framework */; };
		0633FB281B5DF5E800C002FC /* AccountTests.swift in Sources */ = {isa = PBXBuildFile; fileRef = 0633FB271B5DF5E800C002FC /* AccountTests.swift */; };
		0633FB291B5DF5E800C002FC /* AccountTests.swift in Sources */ = {isa = PBXBuildFile; fileRef = 0633FB271B5DF5E800C002FC /* AccountTests.swift */; };
		0633FB2B1B5DF6BA00C002FC /* AccountTestsMac.swift in Sources */ = {isa = PBXBuildFile; fileRef = 0633FB2A1B5DF6BA00C002FC /* AccountTestsMac.swift */; };
		0651E07D1B50D863008DFE02 /* XCTAssertEqual.swift in Sources */ = {isa = PBXBuildFile; fileRef = 0651E07C1B50D863008DFE02 /* XCTAssertEqual.swift */; };
		0651E07E1B50D863008DFE02 /* XCTAssertEqual.swift in Sources */ = {isa = PBXBuildFile; fileRef = 0651E07C1B50D863008DFE02 /* XCTAssertEqual.swift */; };
		06DF35C61B520F7000B62CEA /* ACAccountExtenstionTests.swift in Sources */ = {isa = PBXBuildFile; fileRef = 06DF35C51B520F7000B62CEA /* ACAccountExtenstionTests.swift */; };
		06DF35C71B520F7000B62CEA /* ACAccountExtenstionTests.swift in Sources */ = {isa = PBXBuildFile; fileRef = 06DF35C51B520F7000B62CEA /* ACAccountExtenstionTests.swift */; };
		550507D61B540EFF009EA49C /* ACAccountProviderTestsMac.swift in Sources */ = {isa = PBXBuildFile; fileRef = 550507D51B540EFF009EA49C /* ACAccountProviderTestsMac.swift */; };
		55A61F751B5412C700E0A1D8 /* AppDelegate.swift in Sources */ = {isa = PBXBuildFile; fileRef = 55A61F741B5412C700E0A1D8 /* AppDelegate.swift */; };
		55A61F771B5412C700E0A1D8 /* ViewController.swift in Sources */ = {isa = PBXBuildFile; fileRef = 55A61F761B5412C700E0A1D8 /* ViewController.swift */; };
		55A61F791B5412C700E0A1D8 /* Assets.xcassets in Resources */ = {isa = PBXBuildFile; fileRef = 55A61F781B5412C700E0A1D8 /* Assets.xcassets */; };
		55A61F7C1B5412C700E0A1D8 /* Main.storyboard in Resources */ = {isa = PBXBuildFile; fileRef = 55A61F7A1B5412C700E0A1D8 /* Main.storyboard */; };
		55A61F881B54133500E0A1D8 /* AppDelegate.swift in Sources */ = {isa = PBXBuildFile; fileRef = 55A61F871B54133500E0A1D8 /* AppDelegate.swift */; };
		55A61F8A1B54133500E0A1D8 /* ViewController.swift in Sources */ = {isa = PBXBuildFile; fileRef = 55A61F891B54133500E0A1D8 /* ViewController.swift */; };
		55A61F8D1B54133500E0A1D8 /* Main.storyboard in Resources */ = {isa = PBXBuildFile; fileRef = 55A61F8B1B54133500E0A1D8 /* Main.storyboard */; };
		55A61F8F1B54133500E0A1D8 /* Assets.xcassets in Resources */ = {isa = PBXBuildFile; fileRef = 55A61F8E1B54133500E0A1D8 /* Assets.xcassets */; };
		55A61F921B54133500E0A1D8 /* LaunchScreen.storyboard in Resources */ = {isa = PBXBuildFile; fileRef = 55A61F901B54133500E0A1D8 /* LaunchScreen.storyboard */; };
		55AD1C1E1B54351C001241A9 /* OAuthTests.swift in Sources */ = {isa = PBXBuildFile; fileRef = 55AD1C1D1B54351C001241A9 /* OAuthTests.swift */; };
		55AD1C1F1B54351C001241A9 /* OAuthTests.swift in Sources */ = {isa = PBXBuildFile; fileRef = 55AD1C1D1B54351C001241A9 /* OAuthTests.swift */; };
		55B80CD61BC2CBC300D6F96B /* ACAccountExtension.swift in Sources */ = {isa = PBXBuildFile; fileRef = 55B80CD01BC2CBC300D6F96B /* ACAccountExtension.swift */; settings = {ASSET_TAGS = (); }; };
		55B80CD71BC2CBC300D6F96B /* ACAccountExtension.swift in Sources */ = {isa = PBXBuildFile; fileRef = 55B80CD01BC2CBC300D6F96B /* ACAccountExtension.swift */; settings = {ASSET_TAGS = (); }; };
		55B80CD81BC2CBC300D6F96B /* ACAccountProvider.swift in Sources */ = {isa = PBXBuildFile; fileRef = 55B80CD11BC2CBC300D6F96B /* ACAccountProvider.swift */; settings = {ASSET_TAGS = (); }; };
		55B80CD91BC2CBC300D6F96B /* ACAccountProvider.swift in Sources */ = {isa = PBXBuildFile; fileRef = 55B80CD11BC2CBC300D6F96B /* ACAccountProvider.swift */; settings = {ASSET_TAGS = (); }; };
		55B80CDA1BC2CBC300D6F96B /* AccountType.swift in Sources */ = {isa = PBXBuildFile; fileRef = 55B80CD21BC2CBC300D6F96B /* AccountType.swift */; settings = {ASSET_TAGS = (); }; };
		55B80CDB1BC2CBC300D6F96B /* AccountType.swift in Sources */ = {isa = PBXBuildFile; fileRef = 55B80CD21BC2CBC300D6F96B /* AccountType.swift */; settings = {ASSET_TAGS = (); }; };
		55B80CDC1BC2CBC300D6F96B /* AuthenticationKit.swift in Sources */ = {isa = PBXBuildFile; fileRef = 55B80CD31BC2CBC300D6F96B /* AuthenticationKit.swift */; settings = {ASSET_TAGS = (); }; };
		55B80CDD1BC2CBC300D6F96B /* AuthenticationKit.swift in Sources */ = {isa = PBXBuildFile; fileRef = 55B80CD31BC2CBC300D6F96B /* AuthenticationKit.swift */; settings = {ASSET_TAGS = (); }; };
		55B80CDE1BC2CBC300D6F96B /* AuthenticationProvider.swift in Sources */ = {isa = PBXBuildFile; fileRef = 55B80CD41BC2CBC300D6F96B /* AuthenticationProvider.swift */; settings = {ASSET_TAGS = (); }; };
		55B80CDF1BC2CBC300D6F96B /* AuthenticationProvider.swift in Sources */ = {isa = PBXBuildFile; fileRef = 55B80CD41BC2CBC300D6F96B /* AuthenticationProvider.swift */; settings = {ASSET_TAGS = (); }; };
		55B80CE01BC2CBC300D6F96B /* OAuth.swift in Sources */ = {isa = PBXBuildFile; fileRef = 55B80CD51BC2CBC300D6F96B /* OAuth.swift */; settings = {ASSET_TAGS = (); }; };
		55B80CE11BC2CBC300D6F96B /* OAuth.swift in Sources */ = {isa = PBXBuildFile; fileRef = 55B80CD51BC2CBC300D6F96B /* OAuth.swift */; settings = {ASSET_TAGS = (); }; };
		55B80CE41BC2CBCB00D6F96B /* ACAccountProvider-iOS.swift in Sources */ = {isa = PBXBuildFile; fileRef = 55B80CE31BC2CBCB00D6F96B /* ACAccountProvider-iOS.swift */; settings = {ASSET_TAGS = (); }; };
		55B80CE71BC2CBD400D6F96B /* ACAccountProvider-Mac.swift in Sources */ = {isa = PBXBuildFile; fileRef = 55B80CE61BC2CBD400D6F96B /* ACAccountProvider-Mac.swift */; settings = {ASSET_TAGS = (); }; };
		9386B1DC5B5DAE94DD2D18D4 /* Pods_Example_Mac.framework in Frameworks */ = {isa = PBXBuildFile; fileRef = 4E974981E5CF2DDB35B76714 /* Pods_Example_Mac.framework */; settings = {ATTRIBUTES = (Weak, ); }; };
		F6759F2499AA245CFA379D9E /* Pods_Example_iOS.framework in Frameworks */ = {isa = PBXBuildFile; fileRef = 3EE6B4A55200B5AE6C8B6D39 /* Pods_Example_iOS.framework */; settings = {ATTRIBUTES = (Weak, ); }; };
/* End PBXBuildFile section */

/* Begin PBXContainerItemProxy section */
		061B00001B50D39B001AF0D6 /* PBXContainerItemProxy */ = {
			isa = PBXContainerItemProxy;
			containerPortal = 5567D50E1B4EFF82006D2B3E /* Project object */;
			proxyType = 1;
			remoteGlobalIDString = 061BFFB71B50CFCD001AF0D6;
			remoteInfo = "AuthenticationKit-Mac";
		};
		061BFFF11B50D354001AF0D6 /* PBXContainerItemProxy */ = {
			isa = PBXContainerItemProxy;
			containerPortal = 5567D50E1B4EFF82006D2B3E /* Project object */;
			proxyType = 1;
			remoteGlobalIDString = 5567D5161B4EFF82006D2B3E;
			remoteInfo = "AuthenticationKit-iOS";
		};
		06640AE71B51748F004FE5FE /* PBXContainerItemProxy */ = {
			isa = PBXContainerItemProxy;
			containerPortal = 06640ADE1B51748F004FE5FE /* Result.xcodeproj */;
			proxyType = 2;
			remoteGlobalIDString = D45480571A9572F5009D7229;
			remoteInfo = "Result-Mac";
		};
		06640AE91B51748F004FE5FE /* PBXContainerItemProxy */ = {
			isa = PBXContainerItemProxy;
			containerPortal = 06640ADE1B51748F004FE5FE /* Result.xcodeproj */;
			proxyType = 2;
			remoteGlobalIDString = D45480671A9572F5009D7229;
			remoteInfo = "Result-MacTests";
		};
		06640AEB1B51748F004FE5FE /* PBXContainerItemProxy */ = {
			isa = PBXContainerItemProxy;
			containerPortal = 06640ADE1B51748F004FE5FE /* Result.xcodeproj */;
			proxyType = 2;
			remoteGlobalIDString = D454807D1A957361009D7229;
			remoteInfo = "Result-iOS";
		};
		06640AED1B51748F004FE5FE /* PBXContainerItemProxy */ = {
			isa = PBXContainerItemProxy;
			containerPortal = 06640ADE1B51748F004FE5FE /* Result.xcodeproj */;
			proxyType = 2;
			remoteGlobalIDString = D45480871A957362009D7229;
			remoteInfo = "Result-iOSTests";
		};
		06640AEF1B51748F004FE5FE /* PBXContainerItemProxy */ = {
			isa = PBXContainerItemProxy;
			containerPortal = 06640ADE1B51748F004FE5FE /* Result.xcodeproj */;
			proxyType = 2;
			remoteGlobalIDString = D03579A31B2B788F005D26AE;
			remoteInfo = "Result-watchOS";
		};
		06640AF11B51748F004FE5FE /* PBXContainerItemProxy */ = {
			isa = PBXContainerItemProxy;
			containerPortal = 06640ADE1B51748F004FE5FE /* Result.xcodeproj */;
			proxyType = 2;
			remoteGlobalIDString = D03579B01B2B78A1005D26AE;
			remoteInfo = "Result-watchOSTests";
		};
/* End PBXContainerItemProxy section */

/* Begin PBXFileReference section */
		061B000E1B50D3D0001AF0D6 /* ACAccountProviderTests.swift */ = {isa = PBXFileReference; fileEncoding = 4; lastKnownFileType = sourcecode.swift; path = ACAccountProviderTests.swift; sourceTree = "<group>"; };
		061B00111B50D3D0001AF0D6 /* Info.plist */ = {isa = PBXFileReference; fileEncoding = 4; lastKnownFileType = text.plist.xml; path = Info.plist; sourceTree = "<group>"; };
		061BFFB81B50CFCD001AF0D6 /* AuthenticationKit.framework */ = {isa = PBXFileReference; explicitFileType = wrapper.framework; includeInIndex = 0; path = AuthenticationKit.framework; sourceTree = BUILT_PRODUCTS_DIR; };
		061BFFDE1B50D0B7001AF0D6 /* AuthenticationKit.h */ = {isa = PBXFileReference; fileEncoding = 4; lastKnownFileType = sourcecode.c.h; path = AuthenticationKit.h; sourceTree = "<group>"; };
		061BFFDF1B50D0B7001AF0D6 /* Info.plist */ = {isa = PBXFileReference; fileEncoding = 4; lastKnownFileType = text.plist.xml; path = Info.plist; sourceTree = "<group>"; };
		061BFFEB1B50D354001AF0D6 /* AuthenticationKit-iOS-Tests.xctest */ = {isa = PBXFileReference; explicitFileType = wrapper.cfbundle; includeInIndex = 0; path = "AuthenticationKit-iOS-Tests.xctest"; sourceTree = BUILT_PRODUCTS_DIR; };
		061BFFFA1B50D39B001AF0D6 /* AuthenticationKit-Mac-Tests.xctest */ = {isa = PBXFileReference; explicitFileType = wrapper.cfbundle; includeInIndex = 0; path = "AuthenticationKit-Mac-Tests.xctest"; sourceTree = BUILT_PRODUCTS_DIR; };
		0633FB271B5DF5E800C002FC /* AccountTests.swift */ = {isa = PBXFileReference; fileEncoding = 4; lastKnownFileType = sourcecode.swift; path = AccountTests.swift; sourceTree = "<group>"; };
		0633FB2A1B5DF6BA00C002FC /* AccountTestsMac.swift */ = {isa = PBXFileReference; fileEncoding = 4; lastKnownFileType = sourcecode.swift; path = AccountTestsMac.swift; sourceTree = "<group>"; };
		0651E07C1B50D863008DFE02 /* XCTAssertEqual.swift */ = {isa = PBXFileReference; fileEncoding = 4; lastKnownFileType = sourcecode.swift; path = XCTAssertEqual.swift; sourceTree = "<group>"; };
		06640ADE1B51748F004FE5FE /* Result.xcodeproj */ = {isa = PBXFileReference; lastKnownFileType = "wrapper.pb-project"; name = Result.xcodeproj; path = Carthage/Checkouts/Result/Result.xcodeproj; sourceTree = "<group>"; };
		06DF35C51B520F7000B62CEA /* ACAccountExtenstionTests.swift */ = {isa = PBXFileReference; fileEncoding = 4; lastKnownFileType = sourcecode.swift; path = ACAccountExtenstionTests.swift; sourceTree = "<group>"; };
		0AAAAAEC3B4F0E87AAABAEAA /* Pods-Example-Mac.debug.xcconfig */ = {isa = PBXFileReference; includeInIndex = 1; lastKnownFileType = text.xcconfig; name = "Pods-Example-Mac.debug.xcconfig"; path = "Pods/Target Support Files/Pods-Example-Mac/Pods-Example-Mac.debug.xcconfig"; sourceTree = "<group>"; };
		3EE6B4A55200B5AE6C8B6D39 /* Pods_Example_iOS.framework */ = {isa = PBXFileReference; explicitFileType = wrapper.framework; includeInIndex = 0; path = Pods_Example_iOS.framework; sourceTree = BUILT_PRODUCTS_DIR; };
		4E974981E5CF2DDB35B76714 /* Pods_Example_Mac.framework */ = {isa = PBXFileReference; explicitFileType = wrapper.framework; includeInIndex = 0; path = Pods_Example_Mac.framework; sourceTree = BUILT_PRODUCTS_DIR; };
		550507D51B540EFF009EA49C /* ACAccountProviderTestsMac.swift */ = {isa = PBXFileReference; fileEncoding = 4; lastKnownFileType = sourcecode.swift; path = ACAccountProviderTestsMac.swift; sourceTree = "<group>"; };
		5567D5171B4EFF82006D2B3E /* AuthenticationKit.framework */ = {isa = PBXFileReference; explicitFileType = wrapper.framework; includeInIndex = 0; path = AuthenticationKit.framework; sourceTree = BUILT_PRODUCTS_DIR; };
		556A04EF1B55512B000CB99C /* MyPlayground.playground */ = {isa = PBXFileReference; lastKnownFileType = file.playground; path = MyPlayground.playground; sourceTree = "<group>"; };
		55A61F721B5412C700E0A1D8 /* Example-Mac.app */ = {isa = PBXFileReference; explicitFileType = wrapper.application; includeInIndex = 0; path = "Example-Mac.app"; sourceTree = BUILT_PRODUCTS_DIR; };
		55A61F741B5412C700E0A1D8 /* AppDelegate.swift */ = {isa = PBXFileReference; lastKnownFileType = sourcecode.swift; path = AppDelegate.swift; sourceTree = "<group>"; };
		55A61F761B5412C700E0A1D8 /* ViewController.swift */ = {isa = PBXFileReference; lastKnownFileType = sourcecode.swift; path = ViewController.swift; sourceTree = "<group>"; };
		55A61F781B5412C700E0A1D8 /* Assets.xcassets */ = {isa = PBXFileReference; lastKnownFileType = folder.assetcatalog; path = Assets.xcassets; sourceTree = "<group>"; };
		55A61F7B1B5412C700E0A1D8 /* Base */ = {isa = PBXFileReference; lastKnownFileType = file.storyboard; name = Base; path = Base.lproj/Main.storyboard; sourceTree = "<group>"; };
		55A61F7D1B5412C700E0A1D8 /* Info.plist */ = {isa = PBXFileReference; lastKnownFileType = text.plist.xml; path = Info.plist; sourceTree = "<group>"; };
		55A61F851B54133500E0A1D8 /* Example-iOS.app */ = {isa = PBXFileReference; explicitFileType = wrapper.application; includeInIndex = 0; path = "Example-iOS.app"; sourceTree = BUILT_PRODUCTS_DIR; };
		55A61F871B54133500E0A1D8 /* AppDelegate.swift */ = {isa = PBXFileReference; lastKnownFileType = sourcecode.swift; path = AppDelegate.swift; sourceTree = "<group>"; };
		55A61F891B54133500E0A1D8 /* ViewController.swift */ = {isa = PBXFileReference; lastKnownFileType = sourcecode.swift; path = ViewController.swift; sourceTree = "<group>"; };
		55A61F8C1B54133500E0A1D8 /* Base */ = {isa = PBXFileReference; lastKnownFileType = file.storyboard; name = Base; path = Base.lproj/Main.storyboard; sourceTree = "<group>"; };
		55A61F8E1B54133500E0A1D8 /* Assets.xcassets */ = {isa = PBXFileReference; lastKnownFileType = folder.assetcatalog; path = Assets.xcassets; sourceTree = "<group>"; };
		55A61F911B54133500E0A1D8 /* Base */ = {isa = PBXFileReference; lastKnownFileType = file.storyboard; name = Base; path = Base.lproj/LaunchScreen.storyboard; sourceTree = "<group>"; };
		55A61F931B54133500E0A1D8 /* Info.plist */ = {isa = PBXFileReference; lastKnownFileType = text.plist.xml; path = Info.plist; sourceTree = "<group>"; };
		55AD1C1D1B54351C001241A9 /* OAuthTests.swift */ = {isa = PBXFileReference; fileEncoding = 4; lastKnownFileType = sourcecode.swift; path = OAuthTests.swift; sourceTree = "<group>"; };
		55B80CD01BC2CBC300D6F96B /* ACAccountExtension.swift */ = {isa = PBXFileReference; fileEncoding = 4; lastKnownFileType = sourcecode.swift; path = ACAccountExtension.swift; sourceTree = "<group>"; };
		55B80CD11BC2CBC300D6F96B /* ACAccountProvider.swift */ = {isa = PBXFileReference; fileEncoding = 4; lastKnownFileType = sourcecode.swift; path = ACAccountProvider.swift; sourceTree = "<group>"; };
		55B80CD21BC2CBC300D6F96B /* AccountType.swift */ = {isa = PBXFileReference; fileEncoding = 4; lastKnownFileType = sourcecode.swift; path = AccountType.swift; sourceTree = "<group>"; };
		55B80CD31BC2CBC300D6F96B /* AuthenticationKit.swift */ = {isa = PBXFileReference; fileEncoding = 4; lastKnownFileType = sourcecode.swift; path = AuthenticationKit.swift; sourceTree = "<group>"; };
		55B80CD41BC2CBC300D6F96B /* AuthenticationProvider.swift */ = {isa = PBXFileReference; fileEncoding = 4; lastKnownFileType = sourcecode.swift; path = AuthenticationProvider.swift; sourceTree = "<group>"; };
		55B80CD51BC2CBC300D6F96B /* OAuth.swift */ = {isa = PBXFileReference; fileEncoding = 4; lastKnownFileType = sourcecode.swift; path = OAuth.swift; sourceTree = "<group>"; };
		55B80CE31BC2CBCB00D6F96B /* ACAccountProvider-iOS.swift */ = {isa = PBXFileReference; fileEncoding = 4; lastKnownFileType = sourcecode.swift; path = "ACAccountProvider-iOS.swift"; sourceTree = "<group>"; };
		55B80CE61BC2CBD400D6F96B /* ACAccountProvider-Mac.swift */ = {isa = PBXFileReference; fileEncoding = 4; lastKnownFileType = sourcecode.swift; path = "ACAccountProvider-Mac.swift"; sourceTree = "<group>"; };
		A7E012FE7F28B4467C49797B /* Pods-Example-iOS.debug.xcconfig */ = {isa = PBXFileReference; includeInIndex = 1; lastKnownFileType = text.xcconfig; name = "Pods-Example-iOS.debug.xcconfig"; path = "Pods/Target Support Files/Pods-Example-iOS/Pods-Example-iOS.debug.xcconfig"; sourceTree = "<group>"; };
		B2602412C0E7941D663E7BDA /* Pods-Example-iOS.release.xcconfig */ = {isa = PBXFileReference; includeInIndex = 1; lastKnownFileType = text.xcconfig; name = "Pods-Example-iOS.release.xcconfig"; path = "Pods/Target Support Files/Pods-Example-iOS/Pods-Example-iOS.release.xcconfig"; sourceTree = "<group>"; };
		F2C129EDF406E4CC8AC36735 /* Pods-Example-Mac.release.xcconfig */ = {isa = PBXFileReference; includeInIndex = 1; lastKnownFileType = text.xcconfig; name = "Pods-Example-Mac.release.xcconfig"; path = "Pods/Target Support Files/Pods-Example-Mac/Pods-Example-Mac.release.xcconfig"; sourceTree = "<group>"; };
/* End PBXFileReference section */

/* Begin PBXFrameworksBuildPhase section */
		061BFFB41B50CFCD001AF0D6 /* Frameworks */ = {
			isa = PBXFrameworksBuildPhase;
			buildActionMask = 2147483647;
			files = (
			);
			runOnlyForDeploymentPostprocessing = 0;
		};
		061BFFE81B50D354001AF0D6 /* Frameworks */ = {
			isa = PBXFrameworksBuildPhase;
			buildActionMask = 2147483647;
			files = (
				061BFFF01B50D354001AF0D6 /* AuthenticationKit.framework in Frameworks */,
			);
			runOnlyForDeploymentPostprocessing = 0;
		};
		061BFFF71B50D39B001AF0D6 /* Frameworks */ = {
			isa = PBXFrameworksBuildPhase;
			buildActionMask = 2147483647;
			files = (
				061BFFFF1B50D39B001AF0D6 /* AuthenticationKit.framework in Frameworks */,
			);
			runOnlyForDeploymentPostprocessing = 0;
		};
		5567D5131B4EFF82006D2B3E /* Frameworks */ = {
			isa = PBXFrameworksBuildPhase;
			buildActionMask = 2147483647;
			files = (
			);
			runOnlyForDeploymentPostprocessing = 0;
		};
		55A61F6F1B5412C700E0A1D8 /* Frameworks */ = {
			isa = PBXFrameworksBuildPhase;
			buildActionMask = 2147483647;
			files = (
				9386B1DC5B5DAE94DD2D18D4 /* Pods_Example_Mac.framework in Frameworks */,
			);
			runOnlyForDeploymentPostprocessing = 0;
		};
		55A61F821B54133500E0A1D8 /* Frameworks */ = {
			isa = PBXFrameworksBuildPhase;
			buildActionMask = 2147483647;
			files = (
				F6759F2499AA245CFA379D9E /* Pods_Example_iOS.framework in Frameworks */,
			);
			runOnlyForDeploymentPostprocessing = 0;
		};
/* End PBXFrameworksBuildPhase section */

/* Begin PBXGroup section */
		061B000D1B50D3D0001AF0D6 /* AuthenticationKit-Tests */ = {
			isa = PBXGroup;
			children = (
				0633FB271B5DF5E800C002FC /* AccountTests.swift */,
				0633FB2A1B5DF6BA00C002FC /* AccountTestsMac.swift */,
				550507D51B540EFF009EA49C /* ACAccountProviderTestsMac.swift */,
				061B000E1B50D3D0001AF0D6 /* ACAccountProviderTests.swift */,
				06DF35C51B520F7000B62CEA /* ACAccountExtenstionTests.swift */,
				55AD1C1D1B54351C001241A9 /* OAuthTests.swift */,
				061B00101B50D3D0001AF0D6 /* SupportingFiles */,
			);
			path = "AuthenticationKit-Tests";
			sourceTree = "<group>";
		};
		061B00101B50D3D0001AF0D6 /* SupportingFiles */ = {
			isa = PBXGroup;
			children = (
				0651E07C1B50D863008DFE02 /* XCTAssertEqual.swift */,
				061B00111B50D3D0001AF0D6 /* Info.plist */,
			);
			path = SupportingFiles;
			sourceTree = "<group>";
		};
		061BFFCF1B50D041001AF0D6 /* AuthenticationKit */ = {
			isa = PBXGroup;
			children = (
				55B80CE51BC2CBD400D6F96B /* Mac */,
				55B80CE21BC2CBCB00D6F96B /* iOS */,
				55B80CCF1BC2CBC300D6F96B /* Core */,
				061BFFDD1B50D0B7001AF0D6 /* SupportingFiles */,
			);
			path = AuthenticationKit;
			sourceTree = "<group>";
		};
		061BFFDD1B50D0B7001AF0D6 /* SupportingFiles */ = {
			isa = PBXGroup;
			children = (
				061BFFDE1B50D0B7001AF0D6 /* AuthenticationKit.h */,
				061BFFDF1B50D0B7001AF0D6 /* Info.plist */,
			);
			path = SupportingFiles;
			sourceTree = "<group>";
		};
		061BFFE61B50D2EF001AF0D6 /* Frameworks */ = {
			isa = PBXGroup;
			children = (
				06640ADE1B51748F004FE5FE /* Result.xcodeproj */,
				4E974981E5CF2DDB35B76714 /* Pods_Example_Mac.framework */,
				3EE6B4A55200B5AE6C8B6D39 /* Pods_Example_iOS.framework */,
			);
			name = Frameworks;
			sourceTree = "<group>";
		};
		06640ADF1B51748F004FE5FE /* Products */ = {
			isa = PBXGroup;
			children = (
				06640AE81B51748F004FE5FE /* Result.framework */,
				06640AEA1B51748F004FE5FE /* Result-MacTests.xctest */,
				06640AEC1B51748F004FE5FE /* Result.framework */,
				06640AEE1B51748F004FE5FE /* Result-iOSTests.xctest */,
				06640AF01B51748F004FE5FE /* Result.framework */,
				06640AF21B51748F004FE5FE /* Result-watchOSTests.xctest */,
			);
			name = Products;
			sourceTree = "<group>";
		};
		5567D50D1B4EFF82006D2B3E = {
			isa = PBXGroup;
			children = (
				556A04EF1B55512B000CB99C /* MyPlayground.playground */,
				55A61F861B54133500E0A1D8 /* Example-iOS */,
				55A61F731B5412C700E0A1D8 /* Example-Mac */,
				061BFFCF1B50D041001AF0D6 /* AuthenticationKit */,
				061B000D1B50D3D0001AF0D6 /* AuthenticationKit-Tests */,
				061BFFE61B50D2EF001AF0D6 /* Frameworks */,
				5567D5181B4EFF82006D2B3E /* Products */,
				E408C10DEB725BD774C65D7F /* Pods */,
			);
			sourceTree = "<group>";
		};
		5567D5181B4EFF82006D2B3E /* Products */ = {
			isa = PBXGroup;
			children = (
				5567D5171B4EFF82006D2B3E /* AuthenticationKit.framework */,
				061BFFB81B50CFCD001AF0D6 /* AuthenticationKit.framework */,
				061BFFEB1B50D354001AF0D6 /* AuthenticationKit-iOS-Tests.xctest */,
				061BFFFA1B50D39B001AF0D6 /* AuthenticationKit-Mac-Tests.xctest */,
				55A61F721B5412C700E0A1D8 /* Example-Mac.app */,
				55A61F851B54133500E0A1D8 /* Example-iOS.app */,
			);
			name = Products;
			sourceTree = "<group>";
		};
		55A61F731B5412C700E0A1D8 /* Example-Mac */ = {
			isa = PBXGroup;
			children = (
				55A61F741B5412C700E0A1D8 /* AppDelegate.swift */,
				55A61F761B5412C700E0A1D8 /* ViewController.swift */,
				55A61F781B5412C700E0A1D8 /* Assets.xcassets */,
				55A61F7A1B5412C700E0A1D8 /* Main.storyboard */,
				55A61F7D1B5412C700E0A1D8 /* Info.plist */,
			);
			path = "Example-Mac";
			sourceTree = "<group>";
		};
		55A61F861B54133500E0A1D8 /* Example-iOS */ = {
			isa = PBXGroup;
			children = (
				55A61F871B54133500E0A1D8 /* AppDelegate.swift */,
				55A61F891B54133500E0A1D8 /* ViewController.swift */,
				55A61F8B1B54133500E0A1D8 /* Main.storyboard */,
				55A61F8E1B54133500E0A1D8 /* Assets.xcassets */,
				55A61F901B54133500E0A1D8 /* LaunchScreen.storyboard */,
				55A61F931B54133500E0A1D8 /* Info.plist */,
			);
			path = "Example-iOS";
			sourceTree = "<group>";
		};
		55B80CCF1BC2CBC300D6F96B /* Core */ = {
			isa = PBXGroup;
			children = (
				55B80CD01BC2CBC300D6F96B /* ACAccountExtension.swift */,
				55B80CD11BC2CBC300D6F96B /* ACAccountProvider.swift */,
				55B80CD21BC2CBC300D6F96B /* AccountType.swift */,
				55B80CD31BC2CBC300D6F96B /* AuthenticationKit.swift */,
				55B80CD41BC2CBC300D6F96B /* AuthenticationProvider.swift */,
				55B80CD51BC2CBC300D6F96B /* OAuth.swift */,
			);
			path = Core;
			sourceTree = "<group>";
		};
		55B80CE21BC2CBCB00D6F96B /* iOS */ = {
			isa = PBXGroup;
			children = (
				55B80CE31BC2CBCB00D6F96B /* ACAccountProvider-iOS.swift */,
			);
			path = iOS;
			sourceTree = "<group>";
		};
		55B80CE51BC2CBD400D6F96B /* Mac */ = {
			isa = PBXGroup;
			children = (
				55B80CE61BC2CBD400D6F96B /* ACAccountProvider-Mac.swift */,
			);
			path = Mac;
			sourceTree = "<group>";
		};
		E408C10DEB725BD774C65D7F /* Pods */ = {
			isa = PBXGroup;
			children = (
				0AAAAAEC3B4F0E87AAABAEAA /* Pods-Example-Mac.debug.xcconfig */,
				F2C129EDF406E4CC8AC36735 /* Pods-Example-Mac.release.xcconfig */,
				A7E012FE7F28B4467C49797B /* Pods-Example-iOS.debug.xcconfig */,
				B2602412C0E7941D663E7BDA /* Pods-Example-iOS.release.xcconfig */,
			);
			name = Pods;
			sourceTree = "<group>";
		};
/* End PBXGroup section */

/* Begin PBXHeadersBuildPhase section */
		061BFFB51B50CFCD001AF0D6 /* Headers */ = {
			isa = PBXHeadersBuildPhase;
			buildActionMask = 2147483647;
			files = (
				061BFFE11B50D0B7001AF0D6 /* AuthenticationKit.h in Headers */,
			);
			runOnlyForDeploymentPostprocessing = 0;
		};
		5567D5141B4EFF82006D2B3E /* Headers */ = {
			isa = PBXHeadersBuildPhase;
			buildActionMask = 2147483647;
			files = (
				061BFFE01B50D0B7001AF0D6 /* AuthenticationKit.h in Headers */,
			);
			runOnlyForDeploymentPostprocessing = 0;
		};
/* End PBXHeadersBuildPhase section */

/* Begin PBXNativeTarget section */
		061BFFB71B50CFCD001AF0D6 /* AuthenticationKit-Mac */ = {
			isa = PBXNativeTarget;
			buildConfigurationList = 061BFFCD1B50CFCD001AF0D6 /* Build configuration list for PBXNativeTarget "AuthenticationKit-Mac" */;
			buildPhases = (
				061BFFB31B50CFCD001AF0D6 /* Sources */,
				061BFFB41B50CFCD001AF0D6 /* Frameworks */,
				061BFFB51B50CFCD001AF0D6 /* Headers */,
				061BFFB61B50CFCD001AF0D6 /* Resources */,
			);
			buildRules = (
			);
			dependencies = (
			);
			name = "AuthenticationKit-Mac";
			productName = "AuthenticationKit-Mac";
			productReference = 061BFFB81B50CFCD001AF0D6 /* AuthenticationKit.framework */;
			productType = "com.apple.product-type.framework";
		};
		061BFFEA1B50D354001AF0D6 /* AuthenticationKit-iOS-Tests */ = {
			isa = PBXNativeTarget;
			buildConfigurationList = 061BFFF31B50D354001AF0D6 /* Build configuration list for PBXNativeTarget "AuthenticationKit-iOS-Tests" */;
			buildPhases = (
				061BFFE71B50D354001AF0D6 /* Sources */,
				061BFFE81B50D354001AF0D6 /* Frameworks */,
				061BFFE91B50D354001AF0D6 /* Resources */,
			);
			buildRules = (
			);
			dependencies = (
				061BFFF21B50D354001AF0D6 /* PBXTargetDependency */,
			);
			name = "AuthenticationKit-iOS-Tests";
			productName = "AuthenticationKit-iOS-Tests";
			productReference = 061BFFEB1B50D354001AF0D6 /* AuthenticationKit-iOS-Tests.xctest */;
			productType = "com.apple.product-type.bundle.unit-test";
		};
		061BFFF91B50D39B001AF0D6 /* AuthenticationKit-Mac-Tests */ = {
			isa = PBXNativeTarget;
			buildConfigurationList = 061B00021B50D39B001AF0D6 /* Build configuration list for PBXNativeTarget "AuthenticationKit-Mac-Tests" */;
			buildPhases = (
				061BFFF61B50D39B001AF0D6 /* Sources */,
				061BFFF71B50D39B001AF0D6 /* Frameworks */,
				061BFFF81B50D39B001AF0D6 /* Resources */,
			);
			buildRules = (
			);
			dependencies = (
				061B00011B50D39B001AF0D6 /* PBXTargetDependency */,
			);
			name = "AuthenticationKit-Mac-Tests";
			productName = "AuthenticationKit-Mac-Tests";
			productReference = 061BFFFA1B50D39B001AF0D6 /* AuthenticationKit-Mac-Tests.xctest */;
			productType = "com.apple.product-type.bundle.unit-test";
		};
		5567D5161B4EFF82006D2B3E /* AuthenticationKit-iOS */ = {
			isa = PBXNativeTarget;
			buildConfigurationList = 5567D52B1B4EFF83006D2B3E /* Build configuration list for PBXNativeTarget "AuthenticationKit-iOS" */;
			buildPhases = (
				5567D5121B4EFF82006D2B3E /* Sources */,
				5567D5131B4EFF82006D2B3E /* Frameworks */,
				5567D5141B4EFF82006D2B3E /* Headers */,
				5567D5151B4EFF82006D2B3E /* Resources */,
			);
			buildRules = (
			);
			dependencies = (
			);
			name = "AuthenticationKit-iOS";
			productName = AuthenticationKit;
			productReference = 5567D5171B4EFF82006D2B3E /* AuthenticationKit.framework */;
			productType = "com.apple.product-type.framework";
		};
		55A61F711B5412C700E0A1D8 /* Example-Mac */ = {
			isa = PBXNativeTarget;
			buildConfigurationList = 55A61F7E1B5412C700E0A1D8 /* Build configuration list for PBXNativeTarget "Example-Mac" */;
			buildPhases = (
				03C169226F6CA8A9E0612037 /* Check Pods Manifest.lock */,
				55A61F6E1B5412C700E0A1D8 /* Sources */,
				55A61F6F1B5412C700E0A1D8 /* Frameworks */,
				55A61F701B5412C700E0A1D8 /* Resources */,
				6F12AC36A5F531E8F452E7D8 /* Embed Pods Frameworks */,
				E63DB3AED95D424FE62D80A2 /* Copy Pods Resources */,
			);
			buildRules = (
			);
			dependencies = (
			);
			name = "Example-Mac";
			productName = "Example-Mac";
			productReference = 55A61F721B5412C700E0A1D8 /* Example-Mac.app */;
			productType = "com.apple.product-type.application";
		};
		55A61F841B54133500E0A1D8 /* Example-iOS */ = {
			isa = PBXNativeTarget;
			buildConfigurationList = 55A61F941B54133500E0A1D8 /* Build configuration list for PBXNativeTarget "Example-iOS" */;
			buildPhases = (
				D9CD6258B9E1F8AEF936DD86 /* Check Pods Manifest.lock */,
				55A61F811B54133500E0A1D8 /* Sources */,
				55A61F821B54133500E0A1D8 /* Frameworks */,
				55A61F831B54133500E0A1D8 /* Resources */,
				F281C858C3AEB5D6637715AC /* Embed Pods Frameworks */,
				152C6BDD7A9F30B783EB5B06 /* Copy Pods Resources */,
			);
			buildRules = (
			);
			dependencies = (
			);
			name = "Example-iOS";
			productName = "Example-iOS";
			productReference = 55A61F851B54133500E0A1D8 /* Example-iOS.app */;
			productType = "com.apple.product-type.application";
		};
/* End PBXNativeTarget section */

/* Begin PBXProject section */
		5567D50E1B4EFF82006D2B3E /* Project object */ = {
			isa = PBXProject;
			attributes = {
				LastSwiftUpdateCheck = 0700;
				LastUpgradeCheck = 0700;
				ORGANIZATIONNAME = "Pierre-Marc Airoldi";
				TargetAttributes = {
					061BFFB71B50CFCD001AF0D6 = {
						CreatedOnToolsVersion = 7.0;
					};
					061BFFEA1B50D354001AF0D6 = {
						CreatedOnToolsVersion = 7.0;
					};
					061BFFF91B50D39B001AF0D6 = {
						CreatedOnToolsVersion = 7.0;
					};
					5567D5161B4EFF82006D2B3E = {
						CreatedOnToolsVersion = 7.0;
					};
					55A61F711B5412C700E0A1D8 = {
						CreatedOnToolsVersion = 7.0;
					};
					55A61F841B54133500E0A1D8 = {
						CreatedOnToolsVersion = 7.0;
					};
				};
			};
			buildConfigurationList = 5567D5111B4EFF82006D2B3E /* Build configuration list for PBXProject "AuthenticationKit" */;
			compatibilityVersion = "Xcode 3.2";
			developmentRegion = English;
			hasScannedForEncodings = 0;
			knownRegions = (
				en,
				Base,
			);
			mainGroup = 5567D50D1B4EFF82006D2B3E;
			productRefGroup = 5567D5181B4EFF82006D2B3E /* Products */;
			projectDirPath = "";
			projectReferences = (
				{
					ProductGroup = 06640ADF1B51748F004FE5FE /* Products */;
					ProjectRef = 06640ADE1B51748F004FE5FE /* Result.xcodeproj */;
				},
			);
			projectRoot = "";
			targets = (
				5567D5161B4EFF82006D2B3E /* AuthenticationKit-iOS */,
				061BFFB71B50CFCD001AF0D6 /* AuthenticationKit-Mac */,
				061BFFEA1B50D354001AF0D6 /* AuthenticationKit-iOS-Tests */,
				061BFFF91B50D39B001AF0D6 /* AuthenticationKit-Mac-Tests */,
				55A61F711B5412C700E0A1D8 /* Example-Mac */,
				55A61F841B54133500E0A1D8 /* Example-iOS */,
			);
		};
/* End PBXProject section */

/* Begin PBXReferenceProxy section */
		06640AE81B51748F004FE5FE /* Result.framework */ = {
			isa = PBXReferenceProxy;
			fileType = wrapper.framework;
			path = Result.framework;
			remoteRef = 06640AE71B51748F004FE5FE /* PBXContainerItemProxy */;
			sourceTree = BUILT_PRODUCTS_DIR;
		};
		06640AEA1B51748F004FE5FE /* Result-MacTests.xctest */ = {
			isa = PBXReferenceProxy;
			fileType = wrapper.cfbundle;
			path = "Result-MacTests.xctest";
			remoteRef = 06640AE91B51748F004FE5FE /* PBXContainerItemProxy */;
			sourceTree = BUILT_PRODUCTS_DIR;
		};
		06640AEC1B51748F004FE5FE /* Result.framework */ = {
			isa = PBXReferenceProxy;
			fileType = wrapper.framework;
			path = Result.framework;
			remoteRef = 06640AEB1B51748F004FE5FE /* PBXContainerItemProxy */;
			sourceTree = BUILT_PRODUCTS_DIR;
		};
		06640AEE1B51748F004FE5FE /* Result-iOSTests.xctest */ = {
			isa = PBXReferenceProxy;
			fileType = wrapper.cfbundle;
			path = "Result-iOSTests.xctest";
			remoteRef = 06640AED1B51748F004FE5FE /* PBXContainerItemProxy */;
			sourceTree = BUILT_PRODUCTS_DIR;
		};
		06640AF01B51748F004FE5FE /* Result.framework */ = {
			isa = PBXReferenceProxy;
			fileType = wrapper.framework;
			path = Result.framework;
			remoteRef = 06640AEF1B51748F004FE5FE /* PBXContainerItemProxy */;
			sourceTree = BUILT_PRODUCTS_DIR;
		};
		06640AF21B51748F004FE5FE /* Result-watchOSTests.xctest */ = {
			isa = PBXReferenceProxy;
			fileType = wrapper.cfbundle;
			path = "Result-watchOSTests.xctest";
			remoteRef = 06640AF11B51748F004FE5FE /* PBXContainerItemProxy */;
			sourceTree = BUILT_PRODUCTS_DIR;
		};
/* End PBXReferenceProxy section */

/* Begin PBXResourcesBuildPhase section */
		061BFFB61B50CFCD001AF0D6 /* Resources */ = {
			isa = PBXResourcesBuildPhase;
			buildActionMask = 2147483647;
			files = (
			);
			runOnlyForDeploymentPostprocessing = 0;
		};
		061BFFE91B50D354001AF0D6 /* Resources */ = {
			isa = PBXResourcesBuildPhase;
			buildActionMask = 2147483647;
			files = (
			);
			runOnlyForDeploymentPostprocessing = 0;
		};
		061BFFF81B50D39B001AF0D6 /* Resources */ = {
			isa = PBXResourcesBuildPhase;
			buildActionMask = 2147483647;
			files = (
			);
			runOnlyForDeploymentPostprocessing = 0;
		};
		5567D5151B4EFF82006D2B3E /* Resources */ = {
			isa = PBXResourcesBuildPhase;
			buildActionMask = 2147483647;
			files = (
			);
			runOnlyForDeploymentPostprocessing = 0;
		};
		55A61F701B5412C700E0A1D8 /* Resources */ = {
			isa = PBXResourcesBuildPhase;
			buildActionMask = 2147483647;
			files = (
				55A61F791B5412C700E0A1D8 /* Assets.xcassets in Resources */,
				55A61F7C1B5412C700E0A1D8 /* Main.storyboard in Resources */,
			);
			runOnlyForDeploymentPostprocessing = 0;
		};
		55A61F831B54133500E0A1D8 /* Resources */ = {
			isa = PBXResourcesBuildPhase;
			buildActionMask = 2147483647;
			files = (
				55A61F921B54133500E0A1D8 /* LaunchScreen.storyboard in Resources */,
				55A61F8F1B54133500E0A1D8 /* Assets.xcassets in Resources */,
				55A61F8D1B54133500E0A1D8 /* Main.storyboard in Resources */,
			);
			runOnlyForDeploymentPostprocessing = 0;
		};
/* End PBXResourcesBuildPhase section */

/* Begin PBXShellScriptBuildPhase section */
		03C169226F6CA8A9E0612037 /* Check Pods Manifest.lock */ = {
			isa = PBXShellScriptBuildPhase;
			buildActionMask = 2147483647;
			files = (
			);
			inputPaths = (
			);
			name = "Check Pods Manifest.lock";
			outputPaths = (
			);
			runOnlyForDeploymentPostprocessing = 0;
			shellPath = /bin/sh;
			shellScript = "diff \"${PODS_ROOT}/../Podfile.lock\" \"${PODS_ROOT}/Manifest.lock\" > /dev/null\nif [[ $? != 0 ]] ; then\n    cat << EOM\nerror: The sandbox is not in sync with the Podfile.lock. Run 'pod install' or update your CocoaPods installation.\nEOM\n    exit 1\nfi\n";
			showEnvVarsInLog = 0;
		};
		152C6BDD7A9F30B783EB5B06 /* Copy Pods Resources */ = {
			isa = PBXShellScriptBuildPhase;
			buildActionMask = 2147483647;
			files = (
			);
			inputPaths = (
			);
			name = "Copy Pods Resources";
			outputPaths = (
			);
			runOnlyForDeploymentPostprocessing = 0;
			shellPath = /bin/sh;
			shellScript = "\"${SRCROOT}/Pods/Target Support Files/Pods-Example-iOS/Pods-Example-iOS-resources.sh\"\n";
			showEnvVarsInLog = 0;
		};
		6F12AC36A5F531E8F452E7D8 /* Embed Pods Frameworks */ = {
			isa = PBXShellScriptBuildPhase;
			buildActionMask = 2147483647;
			files = (
			);
			inputPaths = (
			);
			name = "Embed Pods Frameworks";
			outputPaths = (
			);
			runOnlyForDeploymentPostprocessing = 0;
			shellPath = /bin/sh;
			shellScript = "\"${SRCROOT}/Pods/Target Support Files/Pods-Example-Mac/Pods-Example-Mac-frameworks.sh\"\n";
			showEnvVarsInLog = 0;
		};
		D9CD6258B9E1F8AEF936DD86 /* Check Pods Manifest.lock */ = {
			isa = PBXShellScriptBuildPhase;
			buildActionMask = 2147483647;
			files = (
			);
			inputPaths = (
			);
			name = "Check Pods Manifest.lock";
			outputPaths = (
			);
			runOnlyForDeploymentPostprocessing = 0;
			shellPath = /bin/sh;
			shellScript = "diff \"${PODS_ROOT}/../Podfile.lock\" \"${PODS_ROOT}/Manifest.lock\" > /dev/null\nif [[ $? != 0 ]] ; then\n    cat << EOM\nerror: The sandbox is not in sync with the Podfile.lock. Run 'pod install' or update your CocoaPods installation.\nEOM\n    exit 1\nfi\n";
			showEnvVarsInLog = 0;
		};
		E63DB3AED95D424FE62D80A2 /* Copy Pods Resources */ = {
			isa = PBXShellScriptBuildPhase;
			buildActionMask = 2147483647;
			files = (
			);
			inputPaths = (
			);
			name = "Copy Pods Resources";
			outputPaths = (
			);
			runOnlyForDeploymentPostprocessing = 0;
			shellPath = /bin/sh;
			shellScript = "\"${SRCROOT}/Pods/Target Support Files/Pods-Example-Mac/Pods-Example-Mac-resources.sh\"\n";
			showEnvVarsInLog = 0;
		};
		F281C858C3AEB5D6637715AC /* Embed Pods Frameworks */ = {
			isa = PBXShellScriptBuildPhase;
			buildActionMask = 2147483647;
			files = (
			);
			inputPaths = (
			);
			name = "Embed Pods Frameworks";
			outputPaths = (
			);
			runOnlyForDeploymentPostprocessing = 0;
			shellPath = /bin/sh;
			shellScript = "\"${SRCROOT}/Pods/Target Support Files/Pods-Example-iOS/Pods-Example-iOS-frameworks.sh\"\n";
			showEnvVarsInLog = 0;
		};
/* End PBXShellScriptBuildPhase section */

/* Begin PBXSourcesBuildPhase section */
		061BFFB31B50CFCD001AF0D6 /* Sources */ = {
			isa = PBXSourcesBuildPhase;
			buildActionMask = 2147483647;
			files = (
				55B80CE71BC2CBD400D6F96B /* ACAccountProvider-Mac.swift in Sources */,
				55B80CD91BC2CBC300D6F96B /* ACAccountProvider.swift in Sources */,
				55B80CDB1BC2CBC300D6F96B /* AccountType.swift in Sources */,
				55B80CDF1BC2CBC300D6F96B /* AuthenticationProvider.swift in Sources */,
				55B80CE11BC2CBC300D6F96B /* OAuth.swift in Sources */,
				55B80CDD1BC2CBC300D6F96B /* AuthenticationKit.swift in Sources */,
				55B80CD71BC2CBC300D6F96B /* ACAccountExtension.swift in Sources */,
			);
			runOnlyForDeploymentPostprocessing = 0;
		};
		061BFFE71B50D354001AF0D6 /* Sources */ = {
			isa = PBXSourcesBuildPhase;
			buildActionMask = 2147483647;
			files = (
				061B00131B50D3D0001AF0D6 /* ACAccountProviderTests.swift in Sources */,
				0651E07D1B50D863008DFE02 /* XCTAssertEqual.swift in Sources */,
				55AD1C1E1B54351C001241A9 /* OAuthTests.swift in Sources */,
				06DF35C61B520F7000B62CEA /* ACAccountExtenstionTests.swift in Sources */,
				0633FB281B5DF5E800C002FC /* AccountTests.swift in Sources */,
			);
			runOnlyForDeploymentPostprocessing = 0;
		};
		061BFFF61B50D39B001AF0D6 /* Sources */ = {
			isa = PBXSourcesBuildPhase;
			buildActionMask = 2147483647;
			files = (
				061B00141B50D3D0001AF0D6 /* ACAccountProviderTests.swift in Sources */,
				0633FB291B5DF5E800C002FC /* AccountTests.swift in Sources */,
				550507D61B540EFF009EA49C /* ACAccountProviderTestsMac.swift in Sources */,
				0651E07E1B50D863008DFE02 /* XCTAssertEqual.swift in Sources */,
				0633FB2B1B5DF6BA00C002FC /* AccountTestsMac.swift in Sources */,
				06DF35C71B520F7000B62CEA /* ACAccountExtenstionTests.swift in Sources */,
				55AD1C1F1B54351C001241A9 /* OAuthTests.swift in Sources */,
			);
			runOnlyForDeploymentPostprocessing = 0;
		};
		5567D5121B4EFF82006D2B3E /* Sources */ = {
			isa = PBXSourcesBuildPhase;
			buildActionMask = 2147483647;
			files = (
				55B80CE41BC2CBCB00D6F96B /* ACAccountProvider-iOS.swift in Sources */,
				55B80CD81BC2CBC300D6F96B /* ACAccountProvider.swift in Sources */,
				55B80CDA1BC2CBC300D6F96B /* AccountType.swift in Sources */,
				55B80CDE1BC2CBC300D6F96B /* AuthenticationProvider.swift in Sources */,
				55B80CE01BC2CBC300D6F96B /* OAuth.swift in Sources */,
				55B80CDC1BC2CBC300D6F96B /* AuthenticationKit.swift in Sources */,
				55B80CD61BC2CBC300D6F96B /* ACAccountExtension.swift in Sources */,
			);
			runOnlyForDeploymentPostprocessing = 0;
		};
		55A61F6E1B5412C700E0A1D8 /* Sources */ = {
			isa = PBXSourcesBuildPhase;
			buildActionMask = 2147483647;
			files = (
				55A61F771B5412C700E0A1D8 /* ViewController.swift in Sources */,
				55A61F751B5412C700E0A1D8 /* AppDelegate.swift in Sources */,
			);
			runOnlyForDeploymentPostprocessing = 0;
		};
		55A61F811B54133500E0A1D8 /* Sources */ = {
			isa = PBXSourcesBuildPhase;
			buildActionMask = 2147483647;
			files = (
				55A61F8A1B54133500E0A1D8 /* ViewController.swift in Sources */,
				55A61F881B54133500E0A1D8 /* AppDelegate.swift in Sources */,
			);
			runOnlyForDeploymentPostprocessing = 0;
		};
/* End PBXSourcesBuildPhase section */

/* Begin PBXTargetDependency section */
		061B00011B50D39B001AF0D6 /* PBXTargetDependency */ = {
			isa = PBXTargetDependency;
			target = 061BFFB71B50CFCD001AF0D6 /* AuthenticationKit-Mac */;
			targetProxy = 061B00001B50D39B001AF0D6 /* PBXContainerItemProxy */;
		};
		061BFFF21B50D354001AF0D6 /* PBXTargetDependency */ = {
			isa = PBXTargetDependency;
			target = 5567D5161B4EFF82006D2B3E /* AuthenticationKit-iOS */;
			targetProxy = 061BFFF11B50D354001AF0D6 /* PBXContainerItemProxy */;
		};
/* End PBXTargetDependency section */

/* Begin PBXVariantGroup section */
		55A61F7A1B5412C700E0A1D8 /* Main.storyboard */ = {
			isa = PBXVariantGroup;
			children = (
				55A61F7B1B5412C700E0A1D8 /* Base */,
			);
			name = Main.storyboard;
			sourceTree = "<group>";
		};
		55A61F8B1B54133500E0A1D8 /* Main.storyboard */ = {
			isa = PBXVariantGroup;
			children = (
				55A61F8C1B54133500E0A1D8 /* Base */,
			);
			name = Main.storyboard;
			sourceTree = "<group>";
		};
		55A61F901B54133500E0A1D8 /* LaunchScreen.storyboard */ = {
			isa = PBXVariantGroup;
			children = (
				55A61F911B54133500E0A1D8 /* Base */,
			);
			name = LaunchScreen.storyboard;
			sourceTree = "<group>";
		};
/* End PBXVariantGroup section */

/* Begin XCBuildConfiguration section */
		061B00031B50D39B001AF0D6 /* Debug */ = {
			isa = XCBuildConfiguration;
			buildSettings = {
				COMBINE_HIDPI_IMAGES = YES;
				INFOPLIST_FILE = "AuthenticationKit-Tests/SupportingFiles/Info.plist";
				LD_RUNPATH_SEARCH_PATHS = "$(inherited) @executable_path/../Frameworks @loader_path/../Frameworks";
				MACOSX_DEPLOYMENT_TARGET = 10.10;
				PRODUCT_BUNDLE_IDENTIFIER = "com.pierremarcairoldi.AuthenticationKit-Mac-Tests";
				PRODUCT_NAME = "$(TARGET_NAME)";
				SDKROOT = macosx;
			};
			name = Debug;
		};
		061B00041B50D39B001AF0D6 /* Release */ = {
			isa = XCBuildConfiguration;
			buildSettings = {
				COMBINE_HIDPI_IMAGES = YES;
				INFOPLIST_FILE = "AuthenticationKit-Tests/SupportingFiles/Info.plist";
				LD_RUNPATH_SEARCH_PATHS = "$(inherited) @executable_path/../Frameworks @loader_path/../Frameworks";
				MACOSX_DEPLOYMENT_TARGET = 10.10;
				PRODUCT_BUNDLE_IDENTIFIER = "com.pierremarcairoldi.AuthenticationKit-Mac-Tests";
				PRODUCT_NAME = "$(TARGET_NAME)";
				SDKROOT = macosx;
			};
			name = Release;
		};
		061BFFC91B50CFCD001AF0D6 /* Debug */ = {
			isa = XCBuildConfiguration;
			buildSettings = {
				CODE_SIGN_IDENTITY = "";
				COMBINE_HIDPI_IMAGES = YES;
				DEFINES_MODULE = YES;
				DYLIB_COMPATIBILITY_VERSION = 1;
				DYLIB_CURRENT_VERSION = 1;
				DYLIB_INSTALL_NAME_BASE = "@rpath";
				FRAMEWORK_SEARCH_PATHS = "";
				FRAMEWORK_VERSION = A;
				INFOPLIST_FILE = "$(SRCROOT)/AuthenticationKit/SupportingFiles/Info.plist";
				INSTALL_PATH = "$(LOCAL_LIBRARY_DIR)/Frameworks";
				LD_RUNPATH_SEARCH_PATHS = "$(inherited) @executable_path/../Frameworks @loader_path/Frameworks";
				MACOSX_DEPLOYMENT_TARGET = 10.10;
				PRODUCT_BUNDLE_IDENTIFIER = "com.pierremarcairoldi.AuthenticationKit-Mac";
				PRODUCT_NAME = AuthenticationKit;
				SDKROOT = macosx;
				SKIP_INSTALL = YES;
				SWIFT_OBJC_INTERFACE_HEADER_NAME = "SupportingFiles/$(SWIFT_MODULE_NAME)-Swift.h";
			};
			name = Debug;
		};
		061BFFCA1B50CFCD001AF0D6 /* Release */ = {
			isa = XCBuildConfiguration;
			buildSettings = {
				CODE_SIGN_IDENTITY = "";
				COMBINE_HIDPI_IMAGES = YES;
				DEFINES_MODULE = YES;
				DYLIB_COMPATIBILITY_VERSION = 1;
				DYLIB_CURRENT_VERSION = 1;
				DYLIB_INSTALL_NAME_BASE = "@rpath";
				FRAMEWORK_SEARCH_PATHS = "";
				FRAMEWORK_VERSION = A;
				INFOPLIST_FILE = "$(SRCROOT)/AuthenticationKit/SupportingFiles/Info.plist";
				INSTALL_PATH = "$(LOCAL_LIBRARY_DIR)/Frameworks";
				LD_RUNPATH_SEARCH_PATHS = "$(inherited) @executable_path/../Frameworks @loader_path/Frameworks";
				MACOSX_DEPLOYMENT_TARGET = 10.10;
				PRODUCT_BUNDLE_IDENTIFIER = "com.pierremarcairoldi.AuthenticationKit-Mac";
				PRODUCT_NAME = AuthenticationKit;
				SDKROOT = macosx;
				SKIP_INSTALL = YES;
				SWIFT_OBJC_INTERFACE_HEADER_NAME = "SupportingFiles/$(SWIFT_MODULE_NAME)-Swift.h";
			};
			name = Release;
		};
		061BFFF41B50D354001AF0D6 /* Debug */ = {
			isa = XCBuildConfiguration;
			buildSettings = {
				INFOPLIST_FILE = "AuthenticationKit-Tests/SupportingFiles/Info.plist";
				LD_RUNPATH_SEARCH_PATHS = "$(inherited) @executable_path/Frameworks @loader_path/Frameworks";
				PRODUCT_BUNDLE_IDENTIFIER = "com.pierremarcairoldi.AuthenticationKit-iOS-Tests";
				PRODUCT_NAME = "$(TARGET_NAME)";
			};
			name = Debug;
		};
		061BFFF51B50D354001AF0D6 /* Release */ = {
			isa = XCBuildConfiguration;
			buildSettings = {
				INFOPLIST_FILE = "AuthenticationKit-Tests/SupportingFiles/Info.plist";
				LD_RUNPATH_SEARCH_PATHS = "$(inherited) @executable_path/Frameworks @loader_path/Frameworks";
				PRODUCT_BUNDLE_IDENTIFIER = "com.pierremarcairoldi.AuthenticationKit-iOS-Tests";
				PRODUCT_NAME = "$(TARGET_NAME)";
			};
			name = Release;
		};
		5567D5291B4EFF83006D2B3E /* Debug */ = {
			isa = XCBuildConfiguration;
			buildSettings = {
				ALWAYS_SEARCH_USER_PATHS = NO;
				CLANG_CXX_LANGUAGE_STANDARD = "gnu++0x";
				CLANG_CXX_LIBRARY = "libc++";
				CLANG_ENABLE_MODULES = YES;
				CLANG_ENABLE_OBJC_ARC = YES;
				CLANG_WARN_BOOL_CONVERSION = YES;
				CLANG_WARN_CONSTANT_CONVERSION = YES;
				CLANG_WARN_DIRECT_OBJC_ISA_USAGE = YES_ERROR;
				CLANG_WARN_EMPTY_BODY = YES;
				CLANG_WARN_ENUM_CONVERSION = YES;
				CLANG_WARN_INT_CONVERSION = YES;
				CLANG_WARN_OBJC_ROOT_CLASS = YES_ERROR;
				CLANG_WARN_UNREACHABLE_CODE = YES;
				CLANG_WARN__DUPLICATE_METHOD_MATCH = YES;
				"CODE_SIGN_IDENTITY[sdk=iphoneos*]" = "iPhone Developer";
				COPY_PHASE_STRIP = NO;
				CURRENT_PROJECT_VERSION = 1;
				DEBUG_INFORMATION_FORMAT = dwarf;
				ENABLE_STRICT_OBJC_MSGSEND = YES;
				ENABLE_TESTABILITY = YES;
				GCC_C_LANGUAGE_STANDARD = gnu99;
				GCC_DYNAMIC_NO_PIC = NO;
				GCC_GENERATE_TEST_COVERAGE_FILES = YES;
				GCC_INSTRUMENT_PROGRAM_FLOW_ARCS = YES;
				GCC_NO_COMMON_BLOCKS = YES;
				GCC_OPTIMIZATION_LEVEL = 0;
				GCC_PREPROCESSOR_DEFINITIONS = (
					"DEBUG=1",
					"$(inherited)",
				);
				GCC_WARN_64_TO_32_BIT_CONVERSION = YES;
				GCC_WARN_ABOUT_RETURN_TYPE = YES_ERROR;
				GCC_WARN_UNDECLARED_SELECTOR = YES;
				GCC_WARN_UNINITIALIZED_AUTOS = YES_AGGRESSIVE;
				GCC_WARN_UNUSED_FUNCTION = YES;
				GCC_WARN_UNUSED_VARIABLE = YES;
				IPHONEOS_DEPLOYMENT_TARGET = 9.0;
				MTL_ENABLE_DEBUG_INFO = YES;
				ONLY_ACTIVE_ARCH = YES;
				SDKROOT = iphoneos;
				SWIFT_OPTIMIZATION_LEVEL = "-Onone";
				TARGETED_DEVICE_FAMILY = "1,2";
				VERSIONING_SYSTEM = "apple-generic";
				VERSION_INFO_PREFIX = "";
			};
			name = Debug;
		};
		5567D52A1B4EFF83006D2B3E /* Release */ = {
			isa = XCBuildConfiguration;
			buildSettings = {
				ALWAYS_SEARCH_USER_PATHS = NO;
				CLANG_CXX_LANGUAGE_STANDARD = "gnu++0x";
				CLANG_CXX_LIBRARY = "libc++";
				CLANG_ENABLE_MODULES = YES;
				CLANG_ENABLE_OBJC_ARC = YES;
				CLANG_WARN_BOOL_CONVERSION = YES;
				CLANG_WARN_CONSTANT_CONVERSION = YES;
				CLANG_WARN_DIRECT_OBJC_ISA_USAGE = YES_ERROR;
				CLANG_WARN_EMPTY_BODY = YES;
				CLANG_WARN_ENUM_CONVERSION = YES;
				CLANG_WARN_INT_CONVERSION = YES;
				CLANG_WARN_OBJC_ROOT_CLASS = YES_ERROR;
				CLANG_WARN_UNREACHABLE_CODE = YES;
				CLANG_WARN__DUPLICATE_METHOD_MATCH = YES;
				"CODE_SIGN_IDENTITY[sdk=iphoneos*]" = "iPhone Developer";
				COPY_PHASE_STRIP = NO;
				CURRENT_PROJECT_VERSION = 1;
				DEBUG_INFORMATION_FORMAT = "dwarf-with-dsym";
				ENABLE_NS_ASSERTIONS = NO;
				ENABLE_STRICT_OBJC_MSGSEND = YES;
				GCC_C_LANGUAGE_STANDARD = gnu99;
				GCC_GENERATE_TEST_COVERAGE_FILES = YES;
				GCC_INSTRUMENT_PROGRAM_FLOW_ARCS = YES;
				GCC_NO_COMMON_BLOCKS = YES;
				GCC_WARN_64_TO_32_BIT_CONVERSION = YES;
				GCC_WARN_ABOUT_RETURN_TYPE = YES_ERROR;
				GCC_WARN_UNDECLARED_SELECTOR = YES;
				GCC_WARN_UNINITIALIZED_AUTOS = YES_AGGRESSIVE;
				GCC_WARN_UNUSED_FUNCTION = YES;
				GCC_WARN_UNUSED_VARIABLE = YES;
				IPHONEOS_DEPLOYMENT_TARGET = 9.0;
				MTL_ENABLE_DEBUG_INFO = NO;
				SDKROOT = iphoneos;
				TARGETED_DEVICE_FAMILY = "1,2";
				VALIDATE_PRODUCT = YES;
				VERSIONING_SYSTEM = "apple-generic";
				VERSION_INFO_PREFIX = "";
			};
			name = Release;
		};
		5567D52C1B4EFF83006D2B3E /* Debug */ = {
			isa = XCBuildConfiguration;
			buildSettings = {
				CLANG_ENABLE_MODULES = YES;
				CODE_SIGN_IDENTITY = "iPhone Developer";
				"CODE_SIGN_IDENTITY[sdk=iphoneos*]" = "iPhone Developer";
				DEFINES_MODULE = YES;
				DYLIB_COMPATIBILITY_VERSION = 1;
				DYLIB_CURRENT_VERSION = 1;
				DYLIB_INSTALL_NAME_BASE = "@rpath";
				INFOPLIST_FILE = "$(SRCROOT)/AuthenticationKit/SupportingFiles/Info.plist";
				INSTALL_PATH = "$(LOCAL_LIBRARY_DIR)/Frameworks";
				IPHONEOS_DEPLOYMENT_TARGET = 8.0;
				LD_RUNPATH_SEARCH_PATHS = "$(inherited) @executable_path/Frameworks @loader_path/Frameworks";
				PRODUCT_BUNDLE_IDENTIFIER = com.pierremarcairoldi.AuthenticationKit;
				PRODUCT_NAME = AuthenticationKit;
				PROVISIONING_PROFILE = "";
				SKIP_INSTALL = YES;
				SWIFT_OBJC_INTERFACE_HEADER_NAME = "SupportingFiles/$(SWIFT_MODULE_NAME)-Swift.h";
				SWIFT_OPTIMIZATION_LEVEL = "-Onone";
			};
			name = Debug;
		};
		5567D52D1B4EFF83006D2B3E /* Release */ = {
			isa = XCBuildConfiguration;
			buildSettings = {
				CLANG_ENABLE_MODULES = YES;
				CODE_SIGN_IDENTITY = "iPhone Distribution";
				"CODE_SIGN_IDENTITY[sdk=iphoneos*]" = "iPhone Distribution";
				DEFINES_MODULE = YES;
				DYLIB_COMPATIBILITY_VERSION = 1;
				DYLIB_CURRENT_VERSION = 1;
				DYLIB_INSTALL_NAME_BASE = "@rpath";
				INFOPLIST_FILE = "$(SRCROOT)/AuthenticationKit/SupportingFiles/Info.plist";
				INSTALL_PATH = "$(LOCAL_LIBRARY_DIR)/Frameworks";
				IPHONEOS_DEPLOYMENT_TARGET = 8.0;
				LD_RUNPATH_SEARCH_PATHS = "$(inherited) @executable_path/Frameworks @loader_path/Frameworks";
				PRODUCT_BUNDLE_IDENTIFIER = com.pierremarcairoldi.AuthenticationKit;
				PRODUCT_NAME = AuthenticationKit;
				PROVISIONING_PROFILE = "";
				SKIP_INSTALL = YES;
				SWIFT_OBJC_INTERFACE_HEADER_NAME = "SupportingFiles/$(SWIFT_MODULE_NAME)-Swift.h";
			};
			name = Release;
		};
		55A61F7F1B5412C700E0A1D8 /* Debug */ = {
			isa = XCBuildConfiguration;
			baseConfigurationReference = 0AAAAAEC3B4F0E87AAABAEAA /* Pods-Example-Mac.debug.xcconfig */;
			buildSettings = {
				ASSETCATALOG_COMPILER_APPICON_NAME = AppIcon;
				CODE_SIGN_IDENTITY = "-";
				COMBINE_HIDPI_IMAGES = YES;
				INFOPLIST_FILE = "Example-Mac/Info.plist";
				LD_RUNPATH_SEARCH_PATHS = "$(inherited) @executable_path/../Frameworks";
				MACOSX_DEPLOYMENT_TARGET = 10.10;
				PRODUCT_BUNDLE_IDENTIFIER = "com.pierremarcairoldi.Example-Mac";
				PRODUCT_NAME = "$(TARGET_NAME)";
				SDKROOT = macosx;
			};
			name = Debug;
		};
		55A61F801B5412C700E0A1D8 /* Release */ = {
			isa = XCBuildConfiguration;
			baseConfigurationReference = F2C129EDF406E4CC8AC36735 /* Pods-Example-Mac.release.xcconfig */;
			buildSettings = {
				ASSETCATALOG_COMPILER_APPICON_NAME = AppIcon;
				CODE_SIGN_IDENTITY = "-";
				COMBINE_HIDPI_IMAGES = YES;
				INFOPLIST_FILE = "Example-Mac/Info.plist";
				LD_RUNPATH_SEARCH_PATHS = "$(inherited) @executable_path/../Frameworks";
				MACOSX_DEPLOYMENT_TARGET = 10.10;
				PRODUCT_BUNDLE_IDENTIFIER = "com.pierremarcairoldi.Example-Mac";
				PRODUCT_NAME = "$(TARGET_NAME)";
				SDKROOT = macosx;
			};
			name = Release;
		};
		55A61F951B54133500E0A1D8 /* Debug */ = {
			isa = XCBuildConfiguration;
			baseConfigurationReference = A7E012FE7F28B4467C49797B /* Pods-Example-iOS.debug.xcconfig */;
			buildSettings = {
				ASSETCATALOG_COMPILER_APPICON_NAME = AppIcon;
				CODE_SIGN_IDENTITY = "iPhone Developer";
				"CODE_SIGN_IDENTITY[sdk=iphoneos*]" = "iPhone Developer";
				INFOPLIST_FILE = "Example-iOS/Info.plist";
				IPHONEOS_DEPLOYMENT_TARGET = 8.0;
				LD_RUNPATH_SEARCH_PATHS = "$(inherited) @executable_path/Frameworks";
				PRODUCT_BUNDLE_IDENTIFIER = "com.pierremarcairoldi.Example-iOS";
				PRODUCT_NAME = "$(TARGET_NAME)";
			};
			name = Debug;
		};
		55A61F961B54133500E0A1D8 /* Release */ = {
			isa = XCBuildConfiguration;
			baseConfigurationReference = B2602412C0E7941D663E7BDA /* Pods-Example-iOS.release.xcconfig */;
			buildSettings = {
				ASSETCATALOG_COMPILER_APPICON_NAME = AppIcon;
				CODE_SIGN_IDENTITY = "iPhone Developer";
				"CODE_SIGN_IDENTITY[sdk=iphoneos*]" = "iPhone Developer";
				INFOPLIST_FILE = "Example-iOS/Info.plist";
				IPHONEOS_DEPLOYMENT_TARGET = 8.0;
				LD_RUNPATH_SEARCH_PATHS = "$(inherited) @executable_path/Frameworks";
				PRODUCT_BUNDLE_IDENTIFIER = "com.pierremarcairoldi.Example-iOS";
				PRODUCT_NAME = "$(TARGET_NAME)";
			};
			name = Release;
		};
/* End XCBuildConfiguration section */

/* Begin XCConfigurationList section */
		061B00021B50D39B001AF0D6 /* Build configuration list for PBXNativeTarget "AuthenticationKit-Mac-Tests" */ = {
			isa = XCConfigurationList;
			buildConfigurations = (
				061B00031B50D39B001AF0D6 /* Debug */,
				061B00041B50D39B001AF0D6 /* Release */,
			);
			defaultConfigurationIsVisible = 0;
			defaultConfigurationName = Release;
		};
		061BFFCD1B50CFCD001AF0D6 /* Build configuration list for PBXNativeTarget "AuthenticationKit-Mac" */ = {
			isa = XCConfigurationList;
			buildConfigurations = (
				061BFFC91B50CFCD001AF0D6 /* Debug */,
				061BFFCA1B50CFCD001AF0D6 /* Release */,
			);
			defaultConfigurationIsVisible = 0;
			defaultConfigurationName = Release;
		};
		061BFFF31B50D354001AF0D6 /* Build configuration list for PBXNativeTarget "AuthenticationKit-iOS-Tests" */ = {
			isa = XCConfigurationList;
			buildConfigurations = (
				061BFFF41B50D354001AF0D6 /* Debug */,
				061BFFF51B50D354001AF0D6 /* Release */,
			);
			defaultConfigurationIsVisible = 0;
			defaultConfigurationName = Release;
		};
		5567D5111B4EFF82006D2B3E /* Build configuration list for PBXProject "AuthenticationKit" */ = {
			isa = XCConfigurationList;
			buildConfigurations = (
				5567D5291B4EFF83006D2B3E /* Debug */,
				5567D52A1B4EFF83006D2B3E /* Release */,
			);
			defaultConfigurationIsVisible = 0;
			defaultConfigurationName = Release;
		};
		5567D52B1B4EFF83006D2B3E /* Build configuration list for PBXNativeTarget "AuthenticationKit-iOS" */ = {
			isa = XCConfigurationList;
			buildConfigurations = (
				5567D52C1B4EFF83006D2B3E /* Debug */,
				5567D52D1B4EFF83006D2B3E /* Release */,
			);
			defaultConfigurationIsVisible = 0;
			defaultConfigurationName = Release;
		};
		55A61F7E1B5412C700E0A1D8 /* Build configuration list for PBXNativeTarget "Example-Mac" */ = {
			isa = XCConfigurationList;
			buildConfigurations = (
				55A61F7F1B5412C700E0A1D8 /* Debug */,
				55A61F801B5412C700E0A1D8 /* Release */,
			);
			defaultConfigurationIsVisible = 0;
			defaultConfigurationName = Release;
		};
		55A61F941B54133500E0A1D8 /* Build configuration list for PBXNativeTarget "Example-iOS" */ = {
			isa = XCConfigurationList;
			buildConfigurations = (
				55A61F951B54133500E0A1D8 /* Debug */,
				55A61F961B54133500E0A1D8 /* Release */,
			);
			defaultConfigurationIsVisible = 0;
			defaultConfigurationName = Release;
		};
/* End XCConfigurationList section */
	};
	rootObject = 5567D50E1B4EFF82006D2B3E /* Project object */;
}
